// !$*UTF8*$!
{
	archiveVersion = 1;
	classes = {
	};
	objectVersion = 48;
	objects = {

/* Begin PBXBuildFile section */
		9211AF7C1FF747E6005E26D0 /* main.swift in Sources */ = {isa = PBXBuildFile; fileRef = 9211AF7B1FF747E6005E26D0 /* main.swift */; };
		9225013E1FF6F2A500AD828A /* SwiftyIBKit.framework in Frameworks */ = {isa = PBXBuildFile; fileRef = 922501351FF6F2A500AD828A /* SwiftyIBKit.framework */; };
		922501451FF6F2A500AD828A /* SwiftyIBKitTests.swift in Sources */ = {isa = PBXBuildFile; fileRef = 922501441FF6F2A500AD828A /* SwiftyIBKitTests.swift */; };
		922501471FF6F2A500AD828A /* SwiftyIBKit.h in Headers */ = {isa = PBXBuildFile; fileRef = 922501371FF6F2A500AD828A /* SwiftyIBKit.h */; settings = {ATTRIBUTES = (Public, ); }; };
		9225014A1FF6F2A500AD828A /* SwiftyIBKit.framework in Frameworks */ = {isa = PBXBuildFile; fileRef = 922501351FF6F2A500AD828A /* SwiftyIBKit.framework */; };
		9225014B1FF6F2A500AD828A /* SwiftyIBKit.framework in Embed Frameworks */ = {isa = PBXBuildFile; fileRef = 922501351FF6F2A500AD828A /* SwiftyIBKit.framework */; settings = {ATTRIBUTES = (CodeSignOnCopy, RemoveHeadersOnCopy, ); }; };
		92545EF51FF847760037D166 /* TestProject.txt in Resources */ = {isa = PBXBuildFile; fileRef = 92545EF41FF847750037D166 /* TestProject.txt */; };
		92545EF91FF847A00037D166 /* ProjectParser.swift in Sources */ = {isa = PBXBuildFile; fileRef = 92545EF81FF847A00037D166 /* ProjectParser.swift */; };
		92545EFC1FF965150037D166 /* ProjectParserTests.swift in Sources */ = {isa = PBXBuildFile; fileRef = 92545EFB1FF965150037D166 /* ProjectParserTests.swift */; };
		92545EFE1FF966290037D166 /* EmptyFile.txt in Resources */ = {isa = PBXBuildFile; fileRef = 92545EFD1FF966290037D166 /* EmptyFile.txt */; };
		92545F001FF97BC60037D166 /* FilesFinder.swift in Sources */ = {isa = PBXBuildFile; fileRef = 92545EFF1FF97BC60037D166 /* FilesFinder.swift */; };
		9259E432214DB3700004BE85 /* AssetCatalogueParser.swift in Sources */ = {isa = PBXBuildFile; fileRef = 9259E431214DB3700004BE85 /* AssetCatalogueParser.swift */; };
		9259E436214DB4CE0004BE85 /* AssetModels.swift in Sources */ = {isa = PBXBuildFile; fileRef = 9259E435214DB4CE0004BE85 /* AssetModels.swift */; };
		9259E437214DB5E80004BE85 /* AssetModels.swift in Sources */ = {isa = PBXBuildFile; fileRef = 9259E435214DB4CE0004BE85 /* AssetModels.swift */; };
		9259E438214DB5E80004BE85 /* AssetModels.swift in Sources */ = {isa = PBXBuildFile; fileRef = 9259E435214DB4CE0004BE85 /* AssetModels.swift */; };
		9259E439214DB5ED0004BE85 /* AssetModels.swift in Sources */ = {isa = PBXBuildFile; fileRef = 9259E435214DB4CE0004BE85 /* AssetModels.swift */; };
		92687451214DBA15002CF5BF /* AssetCatalogueParser.swift in Sources */ = {isa = PBXBuildFile; fileRef = 9259E431214DB3700004BE85 /* AssetCatalogueParser.swift */; };
		92687452214DBA1C002CF5BF /* AssetCatalogueParser.swift in Sources */ = {isa = PBXBuildFile; fileRef = 9259E431214DB3700004BE85 /* AssetCatalogueParser.swift */; };
		92687453214DBA20002CF5BF /* AssetCatalogueParser.swift in Sources */ = {isa = PBXBuildFile; fileRef = 9259E431214DB3700004BE85 /* AssetCatalogueParser.swift */; };
		92687456214DC317002CF5BF /* AssetExporter.swift in Sources */ = {isa = PBXBuildFile; fileRef = 92687455214DC317002CF5BF /* AssetExporter.swift */; };
		92687457214DC760002CF5BF /* AssetExporter.swift in Sources */ = {isa = PBXBuildFile; fileRef = 92687455214DC317002CF5BF /* AssetExporter.swift */; };
		92687458214DC760002CF5BF /* AssetExporter.swift in Sources */ = {isa = PBXBuildFile; fileRef = 92687455214DC317002CF5BF /* AssetExporter.swift */; };
		92687459214DC761002CF5BF /* AssetExporter.swift in Sources */ = {isa = PBXBuildFile; fileRef = 92687455214DC317002CF5BF /* AssetExporter.swift */; };
		9268745B214DC7A9002CF5BF /* Exporter.swift in Sources */ = {isa = PBXBuildFile; fileRef = 9268745A214DC7A9002CF5BF /* Exporter.swift */; };
		9268745C214DC7F0002CF5BF /* Exporter.swift in Sources */ = {isa = PBXBuildFile; fileRef = 9268745A214DC7A9002CF5BF /* Exporter.swift */; };
		9268745D214DC7F0002CF5BF /* Exporter.swift in Sources */ = {isa = PBXBuildFile; fileRef = 9268745A214DC7A9002CF5BF /* Exporter.swift */; };
		9268745E214DC7F1002CF5BF /* Exporter.swift in Sources */ = {isa = PBXBuildFile; fileRef = 9268745A214DC7A9002CF5BF /* Exporter.swift */; };
		92687460214DCBE3002CF5BF /* AssetTypesAndExtensionsGenerator.swift in Sources */ = {isa = PBXBuildFile; fileRef = 9268745F214DCBE3002CF5BF /* AssetTypesAndExtensionsGenerator.swift */; };
		92687461214DCBE5002CF5BF /* AssetTypesAndExtensionsGenerator.swift in Sources */ = {isa = PBXBuildFile; fileRef = 9268745F214DCBE3002CF5BF /* AssetTypesAndExtensionsGenerator.swift */; };
		92687462214DCBE5002CF5BF /* AssetTypesAndExtensionsGenerator.swift in Sources */ = {isa = PBXBuildFile; fileRef = 9268745F214DCBE3002CF5BF /* AssetTypesAndExtensionsGenerator.swift */; };
		92687463214DCBE5002CF5BF /* AssetTypesAndExtensionsGenerator.swift in Sources */ = {isa = PBXBuildFile; fileRef = 9268745F214DCBE3002CF5BF /* AssetTypesAndExtensionsGenerator.swift */; };
		9281365E1FFAEBD600DBB2D1 /* StoryboardExporter.swift in Sources */ = {isa = PBXBuildFile; fileRef = 9281365D1FFAEBD600DBB2D1 /* StoryboardExporter.swift */; };
		9288B24920C09CA300176AE8 /* main.swift in Sources */ = {isa = PBXBuildFile; fileRef = 9288B24820C09CA300176AE8 /* main.swift */; };
		92B24DC120C1AAED00AEE476 /* StoryboardTypesGenerator.swift in Sources */ = {isa = PBXBuildFile; fileRef = 92B24DC020C1AAED00AEE476 /* StoryboardTypesGenerator.swift */; };
		92B24DC320C1AB1F00AEE476 /* StoryboardExtensionsGenerator.swift in Sources */ = {isa = PBXBuildFile; fileRef = 92B24DC220C1AB1F00AEE476 /* StoryboardExtensionsGenerator.swift */; };
		92B24DC420C1AEB700AEE476 /* StoryboardExporter.swift in Sources */ = {isa = PBXBuildFile; fileRef = 9281365D1FFAEBD600DBB2D1 /* StoryboardExporter.swift */; };
		92B24DC520C1AEC000AEE476 /* StringEnumConverter.swift in Sources */ = {isa = PBXBuildFile; fileRef = 92E3D0FC1FF755CB0080EC12 /* StringEnumConverter.swift */; };
		92B24DC620C1AEC400AEE476 /* StoryboardEnumsGenerator.swift in Sources */ = {isa = PBXBuildFile; fileRef = 92E3D0F91FF755B20080EC12 /* StoryboardEnumsGenerator.swift */; };
		92B24DC720C1AEC600AEE476 /* StoryboardStructureExtensionGenerator.swift in Sources */ = {isa = PBXBuildFile; fileRef = 9288B24E20C1AA7500176AE8 /* StoryboardStructureExtensionGenerator.swift */; };
		92B24DC920C1AEC900AEE476 /* StoryboardTypesGenerator.swift in Sources */ = {isa = PBXBuildFile; fileRef = 92B24DC020C1AAED00AEE476 /* StoryboardTypesGenerator.swift */; };
		92B24DCB20C1AECC00AEE476 /* StoryboardExtensionsGenerator.swift in Sources */ = {isa = PBXBuildFile; fileRef = 92B24DC220C1AB1F00AEE476 /* StoryboardExtensionsGenerator.swift */; };
		92B24DCE20C1B42700AEE476 /* StoryboardParser.swift in Sources */ = {isa = PBXBuildFile; fileRef = 92D8EF201FF48058005491E6 /* StoryboardParser.swift */; };
		92B24DCF20C1B42F00AEE476 /* ProjectParser.swift in Sources */ = {isa = PBXBuildFile; fileRef = 92545EF81FF847A00037D166 /* ProjectParser.swift */; };
		92B24DD020C1B43300AEE476 /* IBKeys.swift in Sources */ = {isa = PBXBuildFile; fileRef = 92D8EF2B1FF49DC5005491E6 /* IBKeys.swift */; };
		92B24DD120C1B43600AEE476 /* FilesFinder.swift in Sources */ = {isa = PBXBuildFile; fileRef = 92545EFF1FF97BC60037D166 /* FilesFinder.swift */; };
		92B24DD220C1B43D00AEE476 /* SwiftyIB.swift in Sources */ = {isa = PBXBuildFile; fileRef = 92545F021FF99D8D0037D166 /* SwiftyIB.swift */; };
		92B24E1120C1D34F00AEE476 /* SwiftyIBKit.framework in Sources */ = {isa = PBXBuildFile; fileRef = 922501351FF6F2A500AD828A /* SwiftyIBKit.framework */; };
		92BD7BFB213F358900798578 /* NibParser.swift in Sources */ = {isa = PBXBuildFile; fileRef = 92BD7BFA213F358900798578 /* NibParser.swift */; };
		92BD7BFC213F372200798578 /* NibParser.swift in Sources */ = {isa = PBXBuildFile; fileRef = 92BD7BFA213F358900798578 /* NibParser.swift */; };
		92BD7BFD213F372300798578 /* NibParser.swift in Sources */ = {isa = PBXBuildFile; fileRef = 92BD7BFA213F358900798578 /* NibParser.swift */; };
		92BD7BFE213F372400798578 /* NibParser.swift in Sources */ = {isa = PBXBuildFile; fileRef = 92BD7BFA213F358900798578 /* NibParser.swift */; };
		92BD7BFF213F388800798578 /* NibParser.swift in Sources */ = {isa = PBXBuildFile; fileRef = 92BD7BFA213F358900798578 /* NibParser.swift */; };
		92BD7C02213F461600798578 /* NibExporter.swift in Sources */ = {isa = PBXBuildFile; fileRef = 92BD7C01213F461600798578 /* NibExporter.swift */; };
		92BD7C04213F46F600798578 /* NibEnumsGenerator.swift in Sources */ = {isa = PBXBuildFile; fileRef = 92BD7C03213F46F600798578 /* NibEnumsGenerator.swift */; };
		92BD7C07213F4A1F00798578 /* NibExporter.swift in Sources */ = {isa = PBXBuildFile; fileRef = 92BD7C01213F461600798578 /* NibExporter.swift */; };
		92BD7C09213F4A2200798578 /* NibExporter.swift in Sources */ = {isa = PBXBuildFile; fileRef = 92BD7C01213F461600798578 /* NibExporter.swift */; };
		92BD7C0A213F4A2300798578 /* NibExporter.swift in Sources */ = {isa = PBXBuildFile; fileRef = 92BD7C01213F461600798578 /* NibExporter.swift */; };
		92BD7C0B213F4A2600798578 /* NibEnumsGenerator.swift in Sources */ = {isa = PBXBuildFile; fileRef = 92BD7C03213F46F600798578 /* NibEnumsGenerator.swift */; };
		92BD7C0C213F4A2600798578 /* NibEnumsGenerator.swift in Sources */ = {isa = PBXBuildFile; fileRef = 92BD7C03213F46F600798578 /* NibEnumsGenerator.swift */; };
		92BD7C0D213F4A2700798578 /* NibEnumsGenerator.swift in Sources */ = {isa = PBXBuildFile; fileRef = 92BD7C03213F46F600798578 /* NibEnumsGenerator.swift */; };
		92BD7C15213F52E600798578 /* NibTypesAndExtensionsGenerator.swift in Sources */ = {isa = PBXBuildFile; fileRef = 92BD7C14213F52E600798578 /* NibTypesAndExtensionsGenerator.swift */; };
		92BD7C17213F52F400798578 /* NibStructureExtensionsGenerator.swift in Sources */ = {isa = PBXBuildFile; fileRef = 92BD7C16213F52F400798578 /* NibStructureExtensionsGenerator.swift */; };
		92BD7C18213F540800798578 /* NibTypesAndExtensionsGenerator.swift in Sources */ = {isa = PBXBuildFile; fileRef = 92BD7C14213F52E600798578 /* NibTypesAndExtensionsGenerator.swift */; };
		92BD7C19213F540900798578 /* NibTypesAndExtensionsGenerator.swift in Sources */ = {isa = PBXBuildFile; fileRef = 92BD7C14213F52E600798578 /* NibTypesAndExtensionsGenerator.swift */; };
		92BD7C1B213F540B00798578 /* NibTypesAndExtensionsGenerator.swift in Sources */ = {isa = PBXBuildFile; fileRef = 92BD7C14213F52E600798578 /* NibTypesAndExtensionsGenerator.swift */; };
		92BD7C1C213F540C00798578 /* NibStructureExtensionsGenerator.swift in Sources */ = {isa = PBXBuildFile; fileRef = 92BD7C16213F52F400798578 /* NibStructureExtensionsGenerator.swift */; };
		92BD7C1D213F540D00798578 /* NibStructureExtensionsGenerator.swift in Sources */ = {isa = PBXBuildFile; fileRef = 92BD7C16213F52F400798578 /* NibStructureExtensionsGenerator.swift */; };
		92BD7C1E213F540E00798578 /* NibStructureExtensionsGenerator.swift in Sources */ = {isa = PBXBuildFile; fileRef = 92BD7C16213F52F400798578 /* NibStructureExtensionsGenerator.swift */; };
		92C06AA21FF47CC7004D6B5C /* AppDelegate.swift in Sources */ = {isa = PBXBuildFile; fileRef = 92C06AA11FF47CC7004D6B5C /* AppDelegate.swift */; };
		92C06AA41FF47CC7004D6B5C /* ViewController.swift in Sources */ = {isa = PBXBuildFile; fileRef = 92C06AA31FF47CC7004D6B5C /* ViewController.swift */; };
		92C06AA61FF47CC7004D6B5C /* Assets.xcassets in Resources */ = {isa = PBXBuildFile; fileRef = 92C06AA51FF47CC7004D6B5C /* Assets.xcassets */; };
		92C06AA91FF47CC7004D6B5C /* Main.storyboard in Resources */ = {isa = PBXBuildFile; fileRef = 92C06AA71FF47CC7004D6B5C /* Main.storyboard */; };
		92C06AC01FF47CC8004D6B5C /* SwiftyIBUITests.swift in Sources */ = {isa = PBXBuildFile; fileRef = 92C06ABF1FF47CC8004D6B5C /* SwiftyIBUITests.swift */; };
		92C06AD01FF47DCC004D6B5C /* Quick.framework in Frameworks */ = {isa = PBXBuildFile; fileRef = 92C06AD11FF47DCC004D6B5C /* Quick.framework */; };
		92C06AD21FF47E26004D6B5C /* Nimble.framework in Frameworks */ = {isa = PBXBuildFile; fileRef = 92C06AD31FF47E26004D6B5C /* Nimble.framework */; };
		92D20B1420E147F3002B21FA /* SWXMLHash.swift in Sources */ = {isa = PBXBuildFile; fileRef = 92E3D0EC1FF74D980080EC12 /* SWXMLHash.swift */; };
		92D20B1520E147F3002B21FA /* SWXMLHash+TypeConversion.swift in Sources */ = {isa = PBXBuildFile; fileRef = 92E3D0ED1FF74D980080EC12 /* SWXMLHash+TypeConversion.swift */; };
		92D20B1620E147F6002B21FA /* ProjectParser.swift in Sources */ = {isa = PBXBuildFile; fileRef = 92545EF81FF847A00037D166 /* ProjectParser.swift */; };
		92D20B1720E147F6002B21FA /* StoryboardParser.swift in Sources */ = {isa = PBXBuildFile; fileRef = 92D8EF201FF48058005491E6 /* StoryboardParser.swift */; };
		92D20B1820E147F6002B21FA /* IBKeys.swift in Sources */ = {isa = PBXBuildFile; fileRef = 92D8EF2B1FF49DC5005491E6 /* IBKeys.swift */; };
		92D20B1920E147F6002B21FA /* FilesFinder.swift in Sources */ = {isa = PBXBuildFile; fileRef = 92545EFF1FF97BC60037D166 /* FilesFinder.swift */; };
		92D20B1A20E147FB002B21FA /* StoryboardExporter.swift in Sources */ = {isa = PBXBuildFile; fileRef = 9281365D1FFAEBD600DBB2D1 /* StoryboardExporter.swift */; };
		92D20B1B20E147FB002B21FA /* StringEnumConverter.swift in Sources */ = {isa = PBXBuildFile; fileRef = 92E3D0FC1FF755CB0080EC12 /* StringEnumConverter.swift */; };
		92D20B1C20E147FB002B21FA /* StoryboardEnumsGenerator.swift in Sources */ = {isa = PBXBuildFile; fileRef = 92E3D0F91FF755B20080EC12 /* StoryboardEnumsGenerator.swift */; };
		92D20B1D20E147FB002B21FA /* StoryboardStructureExtensionGenerator.swift in Sources */ = {isa = PBXBuildFile; fileRef = 9288B24E20C1AA7500176AE8 /* StoryboardStructureExtensionGenerator.swift */; };
		92D20B1E20E147FB002B21FA /* StoryboardTypesGenerator.swift in Sources */ = {isa = PBXBuildFile; fileRef = 92B24DC020C1AAED00AEE476 /* StoryboardTypesGenerator.swift */; };
		92D20B1F20E147FB002B21FA /* StoryboardExtensionsGenerator.swift in Sources */ = {isa = PBXBuildFile; fileRef = 92B24DC220C1AB1F00AEE476 /* StoryboardExtensionsGenerator.swift */; };
		92D20B2020E147FD002B21FA /* SwiftyIB.swift in Sources */ = {isa = PBXBuildFile; fileRef = 92545F021FF99D8D0037D166 /* SwiftyIB.swift */; };
		92D20B2720E14A6C002B21FA /* SWXMLHash.swift in Sources */ = {isa = PBXBuildFile; fileRef = 92E3D0EC1FF74D980080EC12 /* SWXMLHash.swift */; };
		92D20B2820E14A6C002B21FA /* SWXMLHash+TypeConversion.swift in Sources */ = {isa = PBXBuildFile; fileRef = 92E3D0ED1FF74D980080EC12 /* SWXMLHash+TypeConversion.swift */; };
		92D20B2920E14A6F002B21FA /* SWXMLHash.swift in Sources */ = {isa = PBXBuildFile; fileRef = 92E3D0EC1FF74D980080EC12 /* SWXMLHash.swift */; };
		92D20B2A20E14A6F002B21FA /* SWXMLHash+TypeConversion.swift in Sources */ = {isa = PBXBuildFile; fileRef = 92E3D0ED1FF74D980080EC12 /* SWXMLHash+TypeConversion.swift */; };
		92D20B2B20E14A74002B21FA /* ProjectParser.swift in Sources */ = {isa = PBXBuildFile; fileRef = 92545EF81FF847A00037D166 /* ProjectParser.swift */; };
		92D20B2C20E14A74002B21FA /* StoryboardParser.swift in Sources */ = {isa = PBXBuildFile; fileRef = 92D8EF201FF48058005491E6 /* StoryboardParser.swift */; };
		92D20B2D20E14A74002B21FA /* IBKeys.swift in Sources */ = {isa = PBXBuildFile; fileRef = 92D8EF2B1FF49DC5005491E6 /* IBKeys.swift */; };
		92D20B2E20E14A74002B21FA /* FilesFinder.swift in Sources */ = {isa = PBXBuildFile; fileRef = 92545EFF1FF97BC60037D166 /* FilesFinder.swift */; };
		92D20B2F20E14A78002B21FA /* StoryboardExporter.swift in Sources */ = {isa = PBXBuildFile; fileRef = 9281365D1FFAEBD600DBB2D1 /* StoryboardExporter.swift */; };
		92D20B3020E14A78002B21FA /* StringEnumConverter.swift in Sources */ = {isa = PBXBuildFile; fileRef = 92E3D0FC1FF755CB0080EC12 /* StringEnumConverter.swift */; };
		92D20B3120E14A78002B21FA /* StoryboardEnumsGenerator.swift in Sources */ = {isa = PBXBuildFile; fileRef = 92E3D0F91FF755B20080EC12 /* StoryboardEnumsGenerator.swift */; };
		92D20B3220E14A78002B21FA /* StoryboardStructureExtensionGenerator.swift in Sources */ = {isa = PBXBuildFile; fileRef = 9288B24E20C1AA7500176AE8 /* StoryboardStructureExtensionGenerator.swift */; };
		92D20B3320E14A78002B21FA /* StoryboardTypesGenerator.swift in Sources */ = {isa = PBXBuildFile; fileRef = 92B24DC020C1AAED00AEE476 /* StoryboardTypesGenerator.swift */; };
		92D20B3420E14A78002B21FA /* StoryboardExtensionsGenerator.swift in Sources */ = {isa = PBXBuildFile; fileRef = 92B24DC220C1AB1F00AEE476 /* StoryboardExtensionsGenerator.swift */; };
		92D20B3520E14A78002B21FA /* SwiftyIB.swift in Sources */ = {isa = PBXBuildFile; fileRef = 92545F021FF99D8D0037D166 /* SwiftyIB.swift */; };
		92D20B3720E14B02002B21FA /* Info.plist in Resources */ = {isa = PBXBuildFile; fileRef = 92D20B3620E14B02002B21FA /* Info.plist */; };
		92D8EF1F1FF48048005491E6 /* Main.storyboard in Resources */ = {isa = PBXBuildFile; fileRef = 92C06AA71FF47CC7004D6B5C /* Main.storyboard */; };
		92D8EF211FF48058005491E6 /* StoryboardParser.swift in Sources */ = {isa = PBXBuildFile; fileRef = 92D8EF201FF48058005491E6 /* StoryboardParser.swift */; };
		92D8EF231FF48161005491E6 /* StoryboardParserTests.swift in Sources */ = {isa = PBXBuildFile; fileRef = 92D8EF221FF48161005491E6 /* StoryboardParserTests.swift */; };
		92D8EF261FF482B4005491E6 /* iOSTestStoryboard.xml in Resources */ = {isa = PBXBuildFile; fileRef = 92D8EF241FF4829A005491E6 /* iOSTestStoryboard.xml */; };
		92D8EF271FF482BB005491E6 /* iOSTestStoryboard.xml in Resources */ = {isa = PBXBuildFile; fileRef = 92D8EF241FF4829A005491E6 /* iOSTestStoryboard.xml */; };
		92D8EF281FF485FF005491E6 /* SWXMLHash.framework in Frameworks */ = {isa = PBXBuildFile; fileRef = 92C06ACF1FF47D38004D6B5C /* SWXMLHash.framework */; };
		92D8EF2C1FF49DC5005491E6 /* IBKeys.swift in Sources */ = {isa = PBXBuildFile; fileRef = 92D8EF2B1FF49DC5005491E6 /* IBKeys.swift */; };
		92E3D0EE1FF74D990080EC12 /* SWXMLHash.swift in Sources */ = {isa = PBXBuildFile; fileRef = 92E3D0EC1FF74D980080EC12 /* SWXMLHash.swift */; };
		92E3D0EF1FF74D990080EC12 /* SWXMLHash+TypeConversion.swift in Sources */ = {isa = PBXBuildFile; fileRef = 92E3D0ED1FF74D980080EC12 /* SWXMLHash+TypeConversion.swift */; };
		92E3D0F81FF74F820080EC12 /* EmptyStoryboard.xml in Resources */ = {isa = PBXBuildFile; fileRef = 92E3D0F71FF74F820080EC12 /* EmptyStoryboard.xml */; };
		92E3D0FA1FF755B20080EC12 /* StoryboardEnumsGenerator.swift in Sources */ = {isa = PBXBuildFile; fileRef = 92E3D0F91FF755B20080EC12 /* StoryboardEnumsGenerator.swift */; };
		92E3D0FD1FF755CB0080EC12 /* StringEnumConverter.swift in Sources */ = {isa = PBXBuildFile; fileRef = 92E3D0FC1FF755CB0080EC12 /* StringEnumConverter.swift */; };
		92E3D0FF1FF7579B0080EC12 /* StringEnumConverterTests.swift in Sources */ = {isa = PBXBuildFile; fileRef = 92E3D0FE1FF7579B0080EC12 /* StringEnumConverterTests.swift */; };
		92E3D1021FF75EE40080EC12 /* StoryboardConverterTests.swift in Sources */ = {isa = PBXBuildFile; fileRef = 92E3D1011FF75EE40080EC12 /* StoryboardConverterTests.swift */; };
		92F73AB5221C6C4D00A96C77 /* StoryboardStructureExtensionGenerator.swift in Sources */ = {isa = PBXBuildFile; fileRef = 9288B24E20C1AA7500176AE8 /* StoryboardStructureExtensionGenerator.swift */; };
/* End PBXBuildFile section */

/* Begin PBXContainerItemProxy section */
		9225013F1FF6F2A500AD828A /* PBXContainerItemProxy */ = {
			isa = PBXContainerItemProxy;
			containerPortal = 92C06A961FF47CC7004D6B5C /* Project object */;
			proxyType = 1;
			remoteGlobalIDString = 922501341FF6F2A500AD828A;
			remoteInfo = SwiftyIBKit;
		};
		922501411FF6F2A500AD828A /* PBXContainerItemProxy */ = {
			isa = PBXContainerItemProxy;
			containerPortal = 92C06A961FF47CC7004D6B5C /* Project object */;
			proxyType = 1;
			remoteGlobalIDString = 92C06A9D1FF47CC7004D6B5C;
			remoteInfo = SwiftyIB;
		};
		922501481FF6F2A500AD828A /* PBXContainerItemProxy */ = {
			isa = PBXContainerItemProxy;
			containerPortal = 92C06A961FF47CC7004D6B5C /* Project object */;
			proxyType = 1;
			remoteGlobalIDString = 922501341FF6F2A500AD828A;
			remoteInfo = SwiftyIBKit;
		};
		92C06AB11FF47CC8004D6B5C /* PBXContainerItemProxy */ = {
			isa = PBXContainerItemProxy;
			containerPortal = 92C06A961FF47CC7004D6B5C /* Project object */;
			proxyType = 1;
			remoteGlobalIDString = 92C06A9D1FF47CC7004D6B5C;
			remoteInfo = SwiftyIB;
		};
		92C06ABC1FF47CC8004D6B5C /* PBXContainerItemProxy */ = {
			isa = PBXContainerItemProxy;
			containerPortal = 92C06A961FF47CC7004D6B5C /* Project object */;
			proxyType = 1;
			remoteGlobalIDString = 92C06A9D1FF47CC7004D6B5C;
			remoteInfo = SwiftyIB;
		};
/* End PBXContainerItemProxy section */

/* Begin PBXCopyFilesBuildPhase section */
		9211AF771FF747E6005E26D0 /* Copy Files */ = {
			isa = PBXCopyFilesBuildPhase;
			buildActionMask = 2147483647;
			dstPath = usr/share/man/man1;
			dstSubfolderSpec = 7;
			files = (
			);
			name = "Copy Files";
			runOnlyForDeploymentPostprocessing = 1;
		};
		922501511FF6F2A500AD828A /* Embed Frameworks */ = {
			isa = PBXCopyFilesBuildPhase;
			buildActionMask = 2147483647;
			dstPath = "";
			dstSubfolderSpec = 10;
			files = (
				9225014B1FF6F2A500AD828A /* SwiftyIBKit.framework in Embed Frameworks */,
			);
			name = "Embed Frameworks";
			runOnlyForDeploymentPostprocessing = 0;
		};
		9288B24420C09CA300176AE8 /* CopyFiles */ = {
			isa = PBXCopyFilesBuildPhase;
			buildActionMask = 2147483647;
			dstPath = /usr/share/man/man1/;
			dstSubfolderSpec = 0;
			files = (
			);
			runOnlyForDeploymentPostprocessing = 1;
		};
/* End PBXCopyFilesBuildPhase section */

/* Begin PBXFileReference section */
		9211AF791FF747E6005E26D0 /* SwiftyIBTool */ = {isa = PBXFileReference; explicitFileType = "compiled.mach-o.executable"; includeInIndex = 0; path = SwiftyIBTool; sourceTree = BUILT_PRODUCTS_DIR; };
		9211AF7B1FF747E6005E26D0 /* main.swift */ = {isa = PBXFileReference; lastKnownFileType = sourcecode.swift; path = main.swift; sourceTree = "<group>"; };
		922501351FF6F2A500AD828A /* SwiftyIBKit.framework */ = {isa = PBXFileReference; explicitFileType = wrapper.framework; includeInIndex = 0; path = SwiftyIBKit.framework; sourceTree = BUILT_PRODUCTS_DIR; };
		922501371FF6F2A500AD828A /* SwiftyIBKit.h */ = {isa = PBXFileReference; lastKnownFileType = sourcecode.c.h; path = SwiftyIBKit.h; sourceTree = "<group>"; };
		922501381FF6F2A500AD828A /* Info.plist */ = {isa = PBXFileReference; lastKnownFileType = text.plist.xml; path = Info.plist; sourceTree = "<group>"; };
		9225013D1FF6F2A500AD828A /* SwiftyIBKitTests.xctest */ = {isa = PBXFileReference; explicitFileType = wrapper.cfbundle; includeInIndex = 0; path = SwiftyIBKitTests.xctest; sourceTree = BUILT_PRODUCTS_DIR; };
		922501441FF6F2A500AD828A /* SwiftyIBKitTests.swift */ = {isa = PBXFileReference; lastKnownFileType = sourcecode.swift; path = SwiftyIBKitTests.swift; sourceTree = "<group>"; };
		922501461FF6F2A500AD828A /* Info.plist */ = {isa = PBXFileReference; lastKnownFileType = text.plist.xml; path = Info.plist; sourceTree = "<group>"; };
		92545EF41FF847750037D166 /* TestProject.txt */ = {isa = PBXFileReference; fileEncoding = 4; lastKnownFileType = text; path = TestProject.txt; sourceTree = "<group>"; };
		92545EF81FF847A00037D166 /* ProjectParser.swift */ = {isa = PBXFileReference; lastKnownFileType = sourcecode.swift; path = ProjectParser.swift; sourceTree = "<group>"; };
		92545EFB1FF965150037D166 /* ProjectParserTests.swift */ = {isa = PBXFileReference; lastKnownFileType = sourcecode.swift; path = ProjectParserTests.swift; sourceTree = "<group>"; };
		92545EFD1FF966290037D166 /* EmptyFile.txt */ = {isa = PBXFileReference; fileEncoding = 4; lastKnownFileType = text; path = EmptyFile.txt; sourceTree = "<group>"; };
		92545EFF1FF97BC60037D166 /* FilesFinder.swift */ = {isa = PBXFileReference; lastKnownFileType = sourcecode.swift; path = FilesFinder.swift; sourceTree = "<group>"; };
		92545F021FF99D8D0037D166 /* SwiftyIB.swift */ = {isa = PBXFileReference; lastKnownFileType = sourcecode.swift; path = SwiftyIB.swift; sourceTree = "<group>"; };
		9259E431214DB3700004BE85 /* AssetCatalogueParser.swift */ = {isa = PBXFileReference; lastKnownFileType = sourcecode.swift; path = AssetCatalogueParser.swift; sourceTree = "<group>"; };
		9259E435214DB4CE0004BE85 /* AssetModels.swift */ = {isa = PBXFileReference; lastKnownFileType = sourcecode.swift; path = AssetModels.swift; sourceTree = "<group>"; };
		92687455214DC317002CF5BF /* AssetExporter.swift */ = {isa = PBXFileReference; lastKnownFileType = sourcecode.swift; path = AssetExporter.swift; sourceTree = "<group>"; };
		9268745A214DC7A9002CF5BF /* Exporter.swift */ = {isa = PBXFileReference; lastKnownFileType = sourcecode.swift; path = Exporter.swift; sourceTree = "<group>"; };
		9268745F214DCBE3002CF5BF /* AssetTypesAndExtensionsGenerator.swift */ = {isa = PBXFileReference; fileEncoding = 4; lastKnownFileType = sourcecode.swift; path = AssetTypesAndExtensionsGenerator.swift; sourceTree = "<group>"; };
		9281365D1FFAEBD600DBB2D1 /* StoryboardExporter.swift */ = {isa = PBXFileReference; lastKnownFileType = sourcecode.swift; path = StoryboardExporter.swift; sourceTree = "<group>"; };
		9288B24620C09CA300176AE8 /* SwiftyIBExport */ = {isa = PBXFileReference; explicitFileType = "compiled.mach-o.executable"; includeInIndex = 0; path = SwiftyIBExport; sourceTree = BUILT_PRODUCTS_DIR; };
		9288B24820C09CA300176AE8 /* main.swift */ = {isa = PBXFileReference; lastKnownFileType = sourcecode.swift; path = main.swift; sourceTree = "<group>"; };
		9288B24E20C1AA7500176AE8 /* StoryboardStructureExtensionGenerator.swift */ = {isa = PBXFileReference; lastKnownFileType = sourcecode.swift; path = StoryboardStructureExtensionGenerator.swift; sourceTree = "<group>"; };
		92B24DC020C1AAED00AEE476 /* StoryboardTypesGenerator.swift */ = {isa = PBXFileReference; lastKnownFileType = sourcecode.swift; path = StoryboardTypesGenerator.swift; sourceTree = "<group>"; };
		92B24DC220C1AB1F00AEE476 /* StoryboardExtensionsGenerator.swift */ = {isa = PBXFileReference; lastKnownFileType = sourcecode.swift; path = StoryboardExtensionsGenerator.swift; sourceTree = "<group>"; };
		92B24DFE20C1D07200AEE476 /* Foundation.framework */ = {isa = PBXFileReference; lastKnownFileType = wrapper.framework; name = Foundation.framework; path = System/Library/Frameworks/Foundation.framework; sourceTree = SDKROOT; };
		92B24E0B20C1D33C00AEE476 /* SwiftyIBBundle.bundle */ = {isa = PBXFileReference; explicitFileType = wrapper.cfbundle; includeInIndex = 0; path = SwiftyIBBundle.bundle; sourceTree = BUILT_PRODUCTS_DIR; };
		92B24E0D20C1D33C00AEE476 /* Info.plist */ = {isa = PBXFileReference; lastKnownFileType = text.plist.xml; path = Info.plist; sourceTree = "<group>"; };
		92B24E2220C1D67E00AEE476 /* CoreFoundation.framework */ = {isa = PBXFileReference; lastKnownFileType = wrapper.framework; name = CoreFoundation.framework; path = System/Library/Frameworks/CoreFoundation.framework; sourceTree = SDKROOT; };
		92BD7BFA213F358900798578 /* NibParser.swift */ = {isa = PBXFileReference; fileEncoding = 4; lastKnownFileType = sourcecode.swift; path = NibParser.swift; sourceTree = "<group>"; };
		92BD7C01213F461600798578 /* NibExporter.swift */ = {isa = PBXFileReference; lastKnownFileType = sourcecode.swift; path = NibExporter.swift; sourceTree = "<group>"; };
		92BD7C03213F46F600798578 /* NibEnumsGenerator.swift */ = {isa = PBXFileReference; fileEncoding = 4; lastKnownFileType = sourcecode.swift; path = NibEnumsGenerator.swift; sourceTree = "<group>"; };
		92BD7C14213F52E600798578 /* NibTypesAndExtensionsGenerator.swift */ = {isa = PBXFileReference; lastKnownFileType = sourcecode.swift; path = NibTypesAndExtensionsGenerator.swift; sourceTree = "<group>"; };
		92BD7C16213F52F400798578 /* NibStructureExtensionsGenerator.swift */ = {isa = PBXFileReference; lastKnownFileType = sourcecode.swift; path = NibStructureExtensionsGenerator.swift; sourceTree = "<group>"; };
		92C06A9E1FF47CC7004D6B5C /* SwiftyIB.app */ = {isa = PBXFileReference; explicitFileType = wrapper.application; includeInIndex = 0; path = SwiftyIB.app; sourceTree = BUILT_PRODUCTS_DIR; };
		92C06AA11FF47CC7004D6B5C /* AppDelegate.swift */ = {isa = PBXFileReference; lastKnownFileType = sourcecode.swift; path = AppDelegate.swift; sourceTree = "<group>"; };
		92C06AA31FF47CC7004D6B5C /* ViewController.swift */ = {isa = PBXFileReference; lastKnownFileType = sourcecode.swift; path = ViewController.swift; sourceTree = "<group>"; };
		92C06AA51FF47CC7004D6B5C /* Assets.xcassets */ = {isa = PBXFileReference; lastKnownFileType = folder.assetcatalog; path = Assets.xcassets; sourceTree = "<group>"; };
		92C06AA81FF47CC7004D6B5C /* Base */ = {isa = PBXFileReference; lastKnownFileType = file.storyboard; name = Base; path = Base.lproj/Main.storyboard; sourceTree = "<group>"; };
		92C06AAA1FF47CC7004D6B5C /* Info.plist */ = {isa = PBXFileReference; lastKnownFileType = text.plist.xml; path = Info.plist; sourceTree = "<group>"; };
		92C06AAB1FF47CC7004D6B5C /* SwiftyIB.entitlements */ = {isa = PBXFileReference; lastKnownFileType = text.plist.entitlements; path = SwiftyIB.entitlements; sourceTree = "<group>"; };
		92C06AB01FF47CC8004D6B5C /* SwiftyIBTests.xctest */ = {isa = PBXFileReference; explicitFileType = wrapper.cfbundle; includeInIndex = 0; path = SwiftyIBTests.xctest; sourceTree = BUILT_PRODUCTS_DIR; };
		92C06AB61FF47CC8004D6B5C /* Info.plist */ = {isa = PBXFileReference; lastKnownFileType = text.plist.xml; path = Info.plist; sourceTree = "<group>"; };
		92C06ABB1FF47CC8004D6B5C /* SwiftyIBUITests.xctest */ = {isa = PBXFileReference; explicitFileType = wrapper.cfbundle; includeInIndex = 0; path = SwiftyIBUITests.xctest; sourceTree = BUILT_PRODUCTS_DIR; };
		92C06ABF1FF47CC8004D6B5C /* SwiftyIBUITests.swift */ = {isa = PBXFileReference; lastKnownFileType = sourcecode.swift; path = SwiftyIBUITests.swift; sourceTree = "<group>"; };
		92C06AC11FF47CC8004D6B5C /* Info.plist */ = {isa = PBXFileReference; lastKnownFileType = text.plist.xml; path = Info.plist; sourceTree = "<group>"; };
		92C06ACF1FF47D38004D6B5C /* SWXMLHash.framework */ = {isa = PBXFileReference; explicitFileType = wrapper.framework; path = SWXMLHash.framework; sourceTree = BUILT_PRODUCTS_DIR; };
		92C06AD11FF47DCC004D6B5C /* Quick.framework */ = {isa = PBXFileReference; explicitFileType = wrapper.framework; path = Quick.framework; sourceTree = BUILT_PRODUCTS_DIR; };
		92C06AD31FF47E26004D6B5C /* Nimble.framework */ = {isa = PBXFileReference; explicitFileType = wrapper.framework; path = Nimble.framework; sourceTree = BUILT_PRODUCTS_DIR; };
		92D20B3620E14B02002B21FA /* Info.plist */ = {isa = PBXFileReference; fileEncoding = 4; lastKnownFileType = text.plist.xml; path = Info.plist; sourceTree = "<group>"; };
		92D8EF201FF48058005491E6 /* StoryboardParser.swift */ = {isa = PBXFileReference; lastKnownFileType = sourcecode.swift; path = StoryboardParser.swift; sourceTree = "<group>"; };
		92D8EF221FF48161005491E6 /* StoryboardParserTests.swift */ = {isa = PBXFileReference; lastKnownFileType = sourcecode.swift; path = StoryboardParserTests.swift; sourceTree = "<group>"; };
		92D8EF241FF4829A005491E6 /* iOSTestStoryboard.xml */ = {isa = PBXFileReference; lastKnownFileType = text.xml; path = iOSTestStoryboard.xml; sourceTree = "<group>"; };
		92D8EF2B1FF49DC5005491E6 /* IBKeys.swift */ = {isa = PBXFileReference; lastKnownFileType = sourcecode.swift; path = IBKeys.swift; sourceTree = "<group>"; };
		92E3D0EC1FF74D980080EC12 /* SWXMLHash.swift */ = {isa = PBXFileReference; lastKnownFileType = sourcecode.swift; name = SWXMLHash.swift; path = ../../SubModules/XML/SWXMLHash/Source/SWXMLHash.swift; sourceTree = "<group>"; };
		92E3D0ED1FF74D980080EC12 /* SWXMLHash+TypeConversion.swift */ = {isa = PBXFileReference; lastKnownFileType = sourcecode.swift; name = "SWXMLHash+TypeConversion.swift"; path = "../../SubModules/XML/SWXMLHash/Source/SWXMLHash+TypeConversion.swift"; sourceTree = "<group>"; };
		92E3D0F71FF74F820080EC12 /* EmptyStoryboard.xml */ = {isa = PBXFileReference; fileEncoding = 4; lastKnownFileType = text.xml; path = EmptyStoryboard.xml; sourceTree = "<group>"; };
		92E3D0F91FF755B20080EC12 /* StoryboardEnumsGenerator.swift */ = {isa = PBXFileReference; lastKnownFileType = sourcecode.swift; path = StoryboardEnumsGenerator.swift; sourceTree = "<group>"; };
		92E3D0FC1FF755CB0080EC12 /* StringEnumConverter.swift */ = {isa = PBXFileReference; lastKnownFileType = sourcecode.swift; path = StringEnumConverter.swift; sourceTree = "<group>"; };
		92E3D0FE1FF7579B0080EC12 /* StringEnumConverterTests.swift */ = {isa = PBXFileReference; lastKnownFileType = sourcecode.swift; path = StringEnumConverterTests.swift; sourceTree = "<group>"; };
		92E3D1011FF75EE40080EC12 /* StoryboardConverterTests.swift */ = {isa = PBXFileReference; lastKnownFileType = sourcecode.swift; path = StoryboardConverterTests.swift; sourceTree = "<group>"; };
/* End PBXFileReference section */

/* Begin PBXFrameworksBuildPhase section */
		9211AF761FF747E6005E26D0 /* Frameworks */ = {
			isa = PBXFrameworksBuildPhase;
			buildActionMask = 2147483647;
			files = (
			);
			runOnlyForDeploymentPostprocessing = 0;
		};
		922501311FF6F2A500AD828A /* Frameworks */ = {
			isa = PBXFrameworksBuildPhase;
			buildActionMask = 2147483647;
			files = (
			);
			runOnlyForDeploymentPostprocessing = 0;
		};
		9225013A1FF6F2A500AD828A /* Frameworks */ = {
			isa = PBXFrameworksBuildPhase;
			buildActionMask = 2147483647;
			files = (
				9225013E1FF6F2A500AD828A /* SwiftyIBKit.framework in Frameworks */,
			);
			runOnlyForDeploymentPostprocessing = 0;
		};
		9288B24320C09CA300176AE8 /* Frameworks */ = {
			isa = PBXFrameworksBuildPhase;
			buildActionMask = 2147483647;
			files = (
			);
			runOnlyForDeploymentPostprocessing = 0;
		};
		92B24E0820C1D33C00AEE476 /* Frameworks */ = {
			isa = PBXFrameworksBuildPhase;
			buildActionMask = 2147483647;
			files = (
			);
			runOnlyForDeploymentPostprocessing = 0;
		};
		92C06A9B1FF47CC7004D6B5C /* Frameworks */ = {
			isa = PBXFrameworksBuildPhase;
			buildActionMask = 2147483647;
			files = (
				9225014A1FF6F2A500AD828A /* SwiftyIBKit.framework in Frameworks */,
			);
			runOnlyForDeploymentPostprocessing = 0;
		};
		92C06AAD1FF47CC8004D6B5C /* Frameworks */ = {
			isa = PBXFrameworksBuildPhase;
			buildActionMask = 2147483647;
			files = (
				92D8EF281FF485FF005491E6 /* SWXMLHash.framework in Frameworks */,
				92C06AD21FF47E26004D6B5C /* Nimble.framework in Frameworks */,
				92C06AD01FF47DCC004D6B5C /* Quick.framework in Frameworks */,
			);
			runOnlyForDeploymentPostprocessing = 0;
		};
		92C06AB81FF47CC8004D6B5C /* Frameworks */ = {
			isa = PBXFrameworksBuildPhase;
			buildActionMask = 2147483647;
			files = (
			);
			runOnlyForDeploymentPostprocessing = 0;
		};
/* End PBXFrameworksBuildPhase section */

/* Begin PBXGroup section */
		9211AF7A1FF747E6005E26D0 /* SwiftyIBTool */ = {
			isa = PBXGroup;
			children = (
				9211AF7B1FF747E6005E26D0 /* main.swift */,
				92D20B3620E14B02002B21FA /* Info.plist */,
			);
			path = SwiftyIBTool;
			sourceTree = SOURCE_ROOT;
		};
		922501361FF6F2A500AD828A /* SwiftyIBKit */ = {
			isa = PBXGroup;
			children = (
				922501371FF6F2A500AD828A /* SwiftyIBKit.h */,
				922501381FF6F2A500AD828A /* Info.plist */,
			);
			path = SwiftyIBKit;
			sourceTree = "<group>";
		};
		922501431FF6F2A500AD828A /* SwiftyIBKitTests */ = {
			isa = PBXGroup;
			children = (
				922501441FF6F2A500AD828A /* SwiftyIBKitTests.swift */,
				922501461FF6F2A500AD828A /* Info.plist */,
			);
			path = SwiftyIBKitTests;
			sourceTree = "<group>";
		};
		92545EF61FF8477D0037D166 /* TestFiles */ = {
			isa = PBXGroup;
			children = (
				92D8EF241FF4829A005491E6 /* iOSTestStoryboard.xml */,
				92E3D0F71FF74F820080EC12 /* EmptyStoryboard.xml */,
				92545EF41FF847750037D166 /* TestProject.txt */,
				92545EFD1FF966290037D166 /* EmptyFile.txt */,
			);
			path = TestFiles;
			sourceTree = "<group>";
		};
		92545EF71FF8478D0037D166 /* Parsing */ = {
			isa = PBXGroup;
			children = (
				9259E431214DB3700004BE85 /* AssetCatalogueParser.swift */,
				92545EF81FF847A00037D166 /* ProjectParser.swift */,
				92D8EF201FF48058005491E6 /* StoryboardParser.swift */,
				92BD7BFA213F358900798578 /* NibParser.swift */,
				92D8EF2B1FF49DC5005491E6 /* IBKeys.swift */,
				92545EFF1FF97BC60037D166 /* FilesFinder.swift */,
				9259E435214DB4CE0004BE85 /* AssetModels.swift */,
			);
			path = Parsing;
			sourceTree = "<group>";
		};
		92687454214DC2ED002CF5BF /* Assets */ = {
			isa = PBXGroup;
			children = (
				92687455214DC317002CF5BF /* AssetExporter.swift */,
				9268745F214DCBE3002CF5BF /* AssetTypesAndExtensionsGenerator.swift */,
			);
			path = Assets;
			sourceTree = "<group>";
		};
		9288B24720C09CA300176AE8 /* SwiftyIBExport */ = {
			isa = PBXGroup;
			children = (
				9288B24820C09CA300176AE8 /* main.swift */,
			);
			path = SwiftyIBExport;
			sourceTree = "<group>";
		};
		92B24E0C20C1D33C00AEE476 /* SwiftyIBBundle */ = {
			isa = PBXGroup;
			children = (
				92B24E0D20C1D33C00AEE476 /* Info.plist */,
			);
			path = SwiftyIBBundle;
			sourceTree = "<group>";
		};
		92BD7C05213F49ED00798578 /* Storyboard */ = {
			isa = PBXGroup;
			children = (
				9281365D1FFAEBD600DBB2D1 /* StoryboardExporter.swift */,
				92E3D0F91FF755B20080EC12 /* StoryboardEnumsGenerator.swift */,
				9288B24E20C1AA7500176AE8 /* StoryboardStructureExtensionGenerator.swift */,
				92B24DC020C1AAED00AEE476 /* StoryboardTypesGenerator.swift */,
				92B24DC220C1AB1F00AEE476 /* StoryboardExtensionsGenerator.swift */,
			);
			path = Storyboard;
			sourceTree = "<group>";
		};
		92BD7C06213F49F200798578 /* Nib */ = {
			isa = PBXGroup;
			children = (
				92BD7C01213F461600798578 /* NibExporter.swift */,
				92BD7C03213F46F600798578 /* NibEnumsGenerator.swift */,
				92BD7C14213F52E600798578 /* NibTypesAndExtensionsGenerator.swift */,
				92BD7C16213F52F400798578 /* NibStructureExtensionsGenerator.swift */,
			);
			path = Nib;
			sourceTree = "<group>";
		};
		92C06A951FF47CC7004D6B5C = {
			isa = PBXGroup;
			children = (
				92E3D0EC1FF74D980080EC12 /* SWXMLHash.swift */,
				92E3D0ED1FF74D980080EC12 /* SWXMLHash+TypeConversion.swift */,
				92C06AA01FF47CC7004D6B5C /* SwiftyIB */,
				92C06AB31FF47CC8004D6B5C /* SwiftyIBTests */,
				92C06ABE1FF47CC8004D6B5C /* SwiftyIBUITests */,
				922501361FF6F2A500AD828A /* SwiftyIBKit */,
				922501431FF6F2A500AD828A /* SwiftyIBKitTests */,
				9211AF7A1FF747E6005E26D0 /* SwiftyIBTool */,
				9288B24720C09CA300176AE8 /* SwiftyIBExport */,
				92B24E0C20C1D33C00AEE476 /* SwiftyIBBundle */,
				92C06A9F1FF47CC7004D6B5C /* Products */,
				92C06ACD1FF47D38004D6B5C /* Frameworks */,
			);
			sourceTree = "<group>";
		};
		92C06A9F1FF47CC7004D6B5C /* Products */ = {
			isa = PBXGroup;
			children = (
				92C06A9E1FF47CC7004D6B5C /* SwiftyIB.app */,
				92C06AB01FF47CC8004D6B5C /* SwiftyIBTests.xctest */,
				92C06ABB1FF47CC8004D6B5C /* SwiftyIBUITests.xctest */,
				922501351FF6F2A500AD828A /* SwiftyIBKit.framework */,
				9225013D1FF6F2A500AD828A /* SwiftyIBKitTests.xctest */,
				9211AF791FF747E6005E26D0 /* SwiftyIBTool */,
				9288B24620C09CA300176AE8 /* SwiftyIBExport */,
				92B24E0B20C1D33C00AEE476 /* SwiftyIBBundle.bundle */,
			);
			name = Products;
			sourceTree = "<group>";
		};
		92C06AA01FF47CC7004D6B5C /* SwiftyIB */ = {
			isa = PBXGroup;
			children = (
				92545EF71FF8478D0037D166 /* Parsing */,
				92E3D0FB1FF755BA0080EC12 /* Exporting */,
				92545F021FF99D8D0037D166 /* SwiftyIB.swift */,
				92C06AA11FF47CC7004D6B5C /* AppDelegate.swift */,
				92C06AA31FF47CC7004D6B5C /* ViewController.swift */,
				92545EF61FF8477D0037D166 /* TestFiles */,
				92C06AA51FF47CC7004D6B5C /* Assets.xcassets */,
				92C06AA71FF47CC7004D6B5C /* Main.storyboard */,
				92C06AAA1FF47CC7004D6B5C /* Info.plist */,
				92C06AAB1FF47CC7004D6B5C /* SwiftyIB.entitlements */,
			);
			path = SwiftyIB;
			sourceTree = "<group>";
		};
		92C06AB31FF47CC8004D6B5C /* SwiftyIBTests */ = {
			isa = PBXGroup;
			children = (
				92D8EF221FF48161005491E6 /* StoryboardParserTests.swift */,
				92E3D0FE1FF7579B0080EC12 /* StringEnumConverterTests.swift */,
				92E3D1011FF75EE40080EC12 /* StoryboardConverterTests.swift */,
				92545EFB1FF965150037D166 /* ProjectParserTests.swift */,
				92C06AB61FF47CC8004D6B5C /* Info.plist */,
			);
			path = SwiftyIBTests;
			sourceTree = "<group>";
		};
		92C06ABE1FF47CC8004D6B5C /* SwiftyIBUITests */ = {
			isa = PBXGroup;
			children = (
				92C06ABF1FF47CC8004D6B5C /* SwiftyIBUITests.swift */,
				92C06AC11FF47CC8004D6B5C /* Info.plist */,
			);
			path = SwiftyIBUITests;
			sourceTree = "<group>";
		};
		92C06ACD1FF47D38004D6B5C /* Frameworks */ = {
			isa = PBXGroup;
			children = (
				92B24E2220C1D67E00AEE476 /* CoreFoundation.framework */,
				92B24DFE20C1D07200AEE476 /* Foundation.framework */,
				92C06AD31FF47E26004D6B5C /* Nimble.framework */,
				92C06AD11FF47DCC004D6B5C /* Quick.framework */,
				92C06ACF1FF47D38004D6B5C /* SWXMLHash.framework */,
			);
			name = Frameworks;
			sourceTree = "<group>";
		};
		92E3D0FB1FF755BA0080EC12 /* Exporting */ = {
			isa = PBXGroup;
			children = (
				9268745A214DC7A9002CF5BF /* Exporter.swift */,
				92E3D0FC1FF755CB0080EC12 /* StringEnumConverter.swift */,
				92687454214DC2ED002CF5BF /* Assets */,
				92BD7C06213F49F200798578 /* Nib */,
				92BD7C05213F49ED00798578 /* Storyboard */,
			);
			path = Exporting;
			sourceTree = "<group>";
		};
/* End PBXGroup section */

/* Begin PBXHeadersBuildPhase section */
		922501321FF6F2A500AD828A /* Headers */ = {
			isa = PBXHeadersBuildPhase;
			buildActionMask = 2147483647;
			files = (
				922501471FF6F2A500AD828A /* SwiftyIBKit.h in Headers */,
			);
			runOnlyForDeploymentPostprocessing = 0;
		};
/* End PBXHeadersBuildPhase section */

/* Begin PBXNativeTarget section */
		9211AF781FF747E6005E26D0 /* SwiftyIBTool */ = {
			isa = PBXNativeTarget;
			buildConfigurationList = 9211AF7D1FF747E6005E26D0 /* Build configuration list for PBXNativeTarget "SwiftyIBTool" */;
			buildPhases = (
				9211AF761FF747E6005E26D0 /* Frameworks */,
				9211AF751FF747E6005E26D0 /* Sources */,
				9211AF771FF747E6005E26D0 /* Copy Files */,
				92B24DE120C1CE7E00AEE476 /* Resources */,
			);
			buildRules = (
			);
			dependencies = (
			);
			name = SwiftyIBTool;
			productName = SwiftyIBTool;
			productReference = 9211AF791FF747E6005E26D0 /* SwiftyIBTool */;
			productType = "com.apple.product-type.tool";
		};
		922501341FF6F2A500AD828A /* SwiftyIBKit */ = {
			isa = PBXNativeTarget;
			buildConfigurationList = 922501501FF6F2A500AD828A /* Build configuration list for PBXNativeTarget "SwiftyIBKit" */;
			buildPhases = (
				922501301FF6F2A500AD828A /* Sources */,
				922501311FF6F2A500AD828A /* Frameworks */,
				922501321FF6F2A500AD828A /* Headers */,
				922501331FF6F2A500AD828A /* Resources */,
			);
			buildRules = (
			);
			dependencies = (
			);
			name = SwiftyIBKit;
			productName = SwiftyIBKit;
			productReference = 922501351FF6F2A500AD828A /* SwiftyIBKit.framework */;
			productType = "com.apple.product-type.framework";
		};
		9225013C1FF6F2A500AD828A /* SwiftyIBKitTests */ = {
			isa = PBXNativeTarget;
			buildConfigurationList = 922501521FF6F2A500AD828A /* Build configuration list for PBXNativeTarget "SwiftyIBKitTests" */;
			buildPhases = (
				922501391FF6F2A500AD828A /* Sources */,
				9225013A1FF6F2A500AD828A /* Frameworks */,
				9225013B1FF6F2A500AD828A /* Resources */,
			);
			buildRules = (
			);
			dependencies = (
				922501401FF6F2A500AD828A /* PBXTargetDependency */,
				922501421FF6F2A500AD828A /* PBXTargetDependency */,
			);
			name = SwiftyIBKitTests;
			productName = SwiftyIBKitTests;
			productReference = 9225013D1FF6F2A500AD828A /* SwiftyIBKitTests.xctest */;
			productType = "com.apple.product-type.bundle.unit-test";
		};
		9288B24520C09CA300176AE8 /* SwiftyIBExport */ = {
			isa = PBXNativeTarget;
			buildConfigurationList = 9288B24C20C09CA300176AE8 /* Build configuration list for PBXNativeTarget "SwiftyIBExport" */;
			buildPhases = (
				9288B24D20C09CAC00176AE8 /* ShellScript */,
				9288B24220C09CA300176AE8 /* Sources */,
				9288B24320C09CA300176AE8 /* Frameworks */,
				9288B24420C09CA300176AE8 /* CopyFiles */,
			);
			buildRules = (
			);
			dependencies = (
			);
			name = SwiftyIBExport;
			productName = SwiftyIBExport;
			productReference = 9288B24620C09CA300176AE8 /* SwiftyIBExport */;
			productType = "com.apple.product-type.tool";
		};
		92B24E0A20C1D33C00AEE476 /* SwiftyIBBundle */ = {
			isa = PBXNativeTarget;
			buildConfigurationList = 92B24E0E20C1D33C00AEE476 /* Build configuration list for PBXNativeTarget "SwiftyIBBundle" */;
			buildPhases = (
				92B24E0720C1D33C00AEE476 /* Sources */,
				92B24E0820C1D33C00AEE476 /* Frameworks */,
				92B24E0920C1D33C00AEE476 /* Resources */,
			);
			buildRules = (
			);
			dependencies = (
			);
			name = SwiftyIBBundle;
			productName = SwiftyIBBundle;
			productReference = 92B24E0B20C1D33C00AEE476 /* SwiftyIBBundle.bundle */;
			productType = "com.apple.product-type.bundle";
		};
		92C06A9D1FF47CC7004D6B5C /* SwiftyIB */ = {
			isa = PBXNativeTarget;
			buildConfigurationList = 92C06AC41FF47CC8004D6B5C /* Build configuration list for PBXNativeTarget "SwiftyIB" */;
			buildPhases = (
				92C06A9A1FF47CC7004D6B5C /* Sources */,
				92C06A9B1FF47CC7004D6B5C /* Frameworks */,
				92C06A9C1FF47CC7004D6B5C /* Resources */,
				922501511FF6F2A500AD828A /* Embed Frameworks */,
			);
			buildRules = (
			);
			dependencies = (
				922501491FF6F2A500AD828A /* PBXTargetDependency */,
			);
			name = SwiftyIB;
			productName = SwiftyIB;
			productReference = 92C06A9E1FF47CC7004D6B5C /* SwiftyIB.app */;
			productType = "com.apple.product-type.application";
		};
		92C06AAF1FF47CC8004D6B5C /* SwiftyIBTests */ = {
			isa = PBXNativeTarget;
			buildConfigurationList = 92C06AC71FF47CC8004D6B5C /* Build configuration list for PBXNativeTarget "SwiftyIBTests" */;
			buildPhases = (
				92C06AAC1FF47CC8004D6B5C /* Sources */,
				92C06AAD1FF47CC8004D6B5C /* Frameworks */,
				92C06AAE1FF47CC8004D6B5C /* Resources */,
			);
			buildRules = (
			);
			dependencies = (
				92C06AB21FF47CC8004D6B5C /* PBXTargetDependency */,
			);
			name = SwiftyIBTests;
			productName = SwiftyIBTests;
			productReference = 92C06AB01FF47CC8004D6B5C /* SwiftyIBTests.xctest */;
			productType = "com.apple.product-type.bundle.unit-test";
		};
		92C06ABA1FF47CC8004D6B5C /* SwiftyIBUITests */ = {
			isa = PBXNativeTarget;
			buildConfigurationList = 92C06ACA1FF47CC8004D6B5C /* Build configuration list for PBXNativeTarget "SwiftyIBUITests" */;
			buildPhases = (
				92C06AB71FF47CC8004D6B5C /* Sources */,
				92C06AB81FF47CC8004D6B5C /* Frameworks */,
				92C06AB91FF47CC8004D6B5C /* Resources */,
			);
			buildRules = (
			);
			dependencies = (
				92C06ABD1FF47CC8004D6B5C /* PBXTargetDependency */,
			);
			name = SwiftyIBUITests;
			productName = SwiftyIBUITests;
			productReference = 92C06ABB1FF47CC8004D6B5C /* SwiftyIBUITests.xctest */;
			productType = "com.apple.product-type.bundle.ui-testing";
		};
/* End PBXNativeTarget section */

/* Begin PBXProject section */
		92C06A961FF47CC7004D6B5C /* Project object */ = {
			isa = PBXProject;
			attributes = {
				LastSwiftUpdateCheck = 0940;
				LastUpgradeCheck = 0940;
				ORGANIZATIONNAME = peejweej.inc;
				TargetAttributes = {
					9211AF781FF747E6005E26D0 = {
						CreatedOnToolsVersion = 9.2;
						ProvisioningStyle = Automatic;
					};
					922501341FF6F2A500AD828A = {
						CreatedOnToolsVersion = 9.2;
						ProvisioningStyle = Automatic;
					};
					9225013C1FF6F2A500AD828A = {
						CreatedOnToolsVersion = 9.2;
						ProvisioningStyle = Automatic;
						TestTargetID = 92C06A9D1FF47CC7004D6B5C;
					};
					9288B24520C09CA300176AE8 = {
						CreatedOnToolsVersion = 9.4;
						ProvisioningStyle = Automatic;
					};
					92B24E0A20C1D33C00AEE476 = {
						CreatedOnToolsVersion = 9.4;
						ProvisioningStyle = Automatic;
					};
					92C06A9D1FF47CC7004D6B5C = {
						CreatedOnToolsVersion = 9.2;
						ProvisioningStyle = Automatic;
					};
					92C06AAF1FF47CC8004D6B5C = {
						CreatedOnToolsVersion = 9.2;
						ProvisioningStyle = Automatic;
						TestTargetID = 92C06A9D1FF47CC7004D6B5C;
					};
					92C06ABA1FF47CC8004D6B5C = {
						CreatedOnToolsVersion = 9.2;
						ProvisioningStyle = Automatic;
						TestTargetID = 92C06A9D1FF47CC7004D6B5C;
					};
				};
			};
			buildConfigurationList = 92C06A991FF47CC7004D6B5C /* Build configuration list for PBXProject "SwiftyIB" */;
			compatibilityVersion = "Xcode 8.0";
			developmentRegion = en;
			hasScannedForEncodings = 0;
			knownRegions = (
				en,
				Base,
			);
			mainGroup = 92C06A951FF47CC7004D6B5C;
			productRefGroup = 92C06A9F1FF47CC7004D6B5C /* Products */;
			projectDirPath = "";
			projectRoot = "";
			targets = (
				92C06A9D1FF47CC7004D6B5C /* SwiftyIB */,
				92C06AAF1FF47CC8004D6B5C /* SwiftyIBTests */,
				92C06ABA1FF47CC8004D6B5C /* SwiftyIBUITests */,
				922501341FF6F2A500AD828A /* SwiftyIBKit */,
				9225013C1FF6F2A500AD828A /* SwiftyIBKitTests */,
				9211AF781FF747E6005E26D0 /* SwiftyIBTool */,
				9288B24520C09CA300176AE8 /* SwiftyIBExport */,
				92B24E0A20C1D33C00AEE476 /* SwiftyIBBundle */,
			);
		};
/* End PBXProject section */

/* Begin PBXResourcesBuildPhase section */
		922501331FF6F2A500AD828A /* Resources */ = {
			isa = PBXResourcesBuildPhase;
			buildActionMask = 2147483647;
			files = (
			);
			runOnlyForDeploymentPostprocessing = 0;
		};
		9225013B1FF6F2A500AD828A /* Resources */ = {
			isa = PBXResourcesBuildPhase;
			buildActionMask = 2147483647;
			files = (
			);
			runOnlyForDeploymentPostprocessing = 0;
		};
		92B24DE120C1CE7E00AEE476 /* Resources */ = {
			isa = PBXResourcesBuildPhase;
			buildActionMask = 2147483647;
			files = (
				92D20B3720E14B02002B21FA /* Info.plist in Resources */,
			);
			runOnlyForDeploymentPostprocessing = 0;
		};
		92B24E0920C1D33C00AEE476 /* Resources */ = {
			isa = PBXResourcesBuildPhase;
			buildActionMask = 2147483647;
			files = (
			);
			runOnlyForDeploymentPostprocessing = 0;
		};
		92C06A9C1FF47CC7004D6B5C /* Resources */ = {
			isa = PBXResourcesBuildPhase;
			buildActionMask = 2147483647;
			files = (
				92545EFE1FF966290037D166 /* EmptyFile.txt in Resources */,
				92D8EF271FF482BB005491E6 /* iOSTestStoryboard.xml in Resources */,
				92C06AA61FF47CC7004D6B5C /* Assets.xcassets in Resources */,
				92E3D0F81FF74F820080EC12 /* EmptyStoryboard.xml in Resources */,
				92545EF51FF847760037D166 /* TestProject.txt in Resources */,
				92C06AA91FF47CC7004D6B5C /* Main.storyboard in Resources */,
			);
			runOnlyForDeploymentPostprocessing = 0;
		};
		92C06AAE1FF47CC8004D6B5C /* Resources */ = {
			isa = PBXResourcesBuildPhase;
			buildActionMask = 2147483647;
			files = (
				92D8EF261FF482B4005491E6 /* iOSTestStoryboard.xml in Resources */,
				92D8EF1F1FF48048005491E6 /* Main.storyboard in Resources */,
			);
			runOnlyForDeploymentPostprocessing = 0;
		};
		92C06AB91FF47CC8004D6B5C /* Resources */ = {
			isa = PBXResourcesBuildPhase;
			buildActionMask = 2147483647;
			files = (
			);
			runOnlyForDeploymentPostprocessing = 0;
		};
/* End PBXResourcesBuildPhase section */

/* Begin PBXShellScriptBuildPhase section */
		9288B24D20C09CAC00176AE8 /* ShellScript */ = {
			isa = PBXShellScriptBuildPhase;
			buildActionMask = 2147483647;
			files = (
			);
			inputPaths = (
			);
			outputPaths = (
			);
			runOnlyForDeploymentPostprocessing = 0;
			shellPath = /bin/sh;
			shellScript = "echo \"will run\"\n\nsh SwiftyIBBuild.sh -o exports -n SwiftIBBuilder";
			showEnvVarsInLog = 0;
		};
/* End PBXShellScriptBuildPhase section */

/* Begin PBXSourcesBuildPhase section */
		9211AF751FF747E6005E26D0 /* Sources */ = {
			isa = PBXSourcesBuildPhase;
			buildActionMask = 2147483647;
			files = (
				92687461214DCBE5002CF5BF /* AssetTypesAndExtensionsGenerator.swift in Sources */,
				9259E437214DB5E80004BE85 /* AssetModels.swift in Sources */,
				9211AF7C1FF747E6005E26D0 /* main.swift in Sources */,
				92D20B2E20E14A74002B21FA /* FilesFinder.swift in Sources */,
				92BD7BFD213F372300798578 /* NibParser.swift in Sources */,
				92D20B2A20E14A6F002B21FA /* SWXMLHash+TypeConversion.swift in Sources */,
				92D20B2D20E14A74002B21FA /* IBKeys.swift in Sources */,
				92BD7C0C213F4A2600798578 /* NibEnumsGenerator.swift in Sources */,
				92687457214DC760002CF5BF /* AssetExporter.swift in Sources */,
				92D20B3020E14A78002B21FA /* StringEnumConverter.swift in Sources */,
				92D20B3220E14A78002B21FA /* StoryboardStructureExtensionGenerator.swift in Sources */,
				92D20B3520E14A78002B21FA /* SwiftyIB.swift in Sources */,
				92D20B2B20E14A74002B21FA /* ProjectParser.swift in Sources */,
				92D20B3420E14A78002B21FA /* StoryboardExtensionsGenerator.swift in Sources */,
				92D20B2F20E14A78002B21FA /* StoryboardExporter.swift in Sources */,
				92D20B3120E14A78002B21FA /* StoryboardEnumsGenerator.swift in Sources */,
				92BD7C19213F540900798578 /* NibTypesAndExtensionsGenerator.swift in Sources */,
				92687452214DBA1C002CF5BF /* AssetCatalogueParser.swift in Sources */,
				92D20B2920E14A6F002B21FA /* SWXMLHash.swift in Sources */,
				92BD7C1D213F540D00798578 /* NibStructureExtensionsGenerator.swift in Sources */,
				92D20B3320E14A78002B21FA /* StoryboardTypesGenerator.swift in Sources */,
				9268745D214DC7F0002CF5BF /* Exporter.swift in Sources */,
				92BD7C09213F4A2200798578 /* NibExporter.swift in Sources */,
				92D20B2C20E14A74002B21FA /* StoryboardParser.swift in Sources */,
			);
			runOnlyForDeploymentPostprocessing = 0;
		};
		922501301FF6F2A500AD828A /* Sources */ = {
			isa = PBXSourcesBuildPhase;
			buildActionMask = 2147483647;
			files = (
				9268745C214DC7F0002CF5BF /* Exporter.swift in Sources */,
				92687459214DC761002CF5BF /* AssetExporter.swift in Sources */,
				92B24DC720C1AEC600AEE476 /* StoryboardStructureExtensionGenerator.swift in Sources */,
				92D20B2720E14A6C002B21FA /* SWXMLHash.swift in Sources */,
				92B24DC520C1AEC000AEE476 /* StringEnumConverter.swift in Sources */,
				92687451214DBA15002CF5BF /* AssetCatalogueParser.swift in Sources */,
				92B24DCF20C1B42F00AEE476 /* ProjectParser.swift in Sources */,
				92B24DD120C1B43600AEE476 /* FilesFinder.swift in Sources */,
				92687462214DCBE5002CF5BF /* AssetTypesAndExtensionsGenerator.swift in Sources */,
				92B24DCE20C1B42700AEE476 /* StoryboardParser.swift in Sources */,
				92BD7BFC213F372200798578 /* NibParser.swift in Sources */,
				92D20B2820E14A6C002B21FA /* SWXMLHash+TypeConversion.swift in Sources */,
				92B24DCB20C1AECC00AEE476 /* StoryboardExtensionsGenerator.swift in Sources */,
				92BD7C07213F4A1F00798578 /* NibExporter.swift in Sources */,
				92BD7C0D213F4A2700798578 /* NibEnumsGenerator.swift in Sources */,
				92B24DD020C1B43300AEE476 /* IBKeys.swift in Sources */,
				9259E438214DB5E80004BE85 /* AssetModels.swift in Sources */,
				92B24DC420C1AEB700AEE476 /* StoryboardExporter.swift in Sources */,
				92BD7C18213F540800798578 /* NibTypesAndExtensionsGenerator.swift in Sources */,
				92B24DC920C1AEC900AEE476 /* StoryboardTypesGenerator.swift in Sources */,
				92B24DC620C1AEC400AEE476 /* StoryboardEnumsGenerator.swift in Sources */,
				92B24DD220C1B43D00AEE476 /* SwiftyIB.swift in Sources */,
				92BD7C1E213F540E00798578 /* NibStructureExtensionsGenerator.swift in Sources */,
			);
			runOnlyForDeploymentPostprocessing = 0;
		};
		922501391FF6F2A500AD828A /* Sources */ = {
			isa = PBXSourcesBuildPhase;
			buildActionMask = 2147483647;
			files = (
				922501451FF6F2A500AD828A /* SwiftyIBKitTests.swift in Sources */,
			);
			runOnlyForDeploymentPostprocessing = 0;
		};
		9288B24220C09CA300176AE8 /* Sources */ = {
			isa = PBXSourcesBuildPhase;
			buildActionMask = 2147483647;
			files = (
				92BD7BFF213F388800798578 /* NibParser.swift in Sources */,
				9288B24920C09CA300176AE8 /* main.swift in Sources */,
			);
			runOnlyForDeploymentPostprocessing = 0;
		};
		92B24E0720C1D33C00AEE476 /* Sources */ = {
			isa = PBXSourcesBuildPhase;
			buildActionMask = 2147483647;
			files = (
				92687463214DCBE5002CF5BF /* AssetTypesAndExtensionsGenerator.swift in Sources */,
				9259E439214DB5ED0004BE85 /* AssetModels.swift in Sources */,
				92B24E1120C1D34F00AEE476 /* SwiftyIBKit.framework in Sources */,
				92D20B1920E147F6002B21FA /* FilesFinder.swift in Sources */,
				92BD7BFE213F372400798578 /* NibParser.swift in Sources */,
				92D20B1520E147F3002B21FA /* SWXMLHash+TypeConversion.swift in Sources */,
				92D20B1820E147F6002B21FA /* IBKeys.swift in Sources */,
				92BD7C0B213F4A2600798578 /* NibEnumsGenerator.swift in Sources */,
				92687458214DC760002CF5BF /* AssetExporter.swift in Sources */,
				92D20B1B20E147FB002B21FA /* StringEnumConverter.swift in Sources */,
				92D20B1D20E147FB002B21FA /* StoryboardStructureExtensionGenerator.swift in Sources */,
				92D20B2020E147FD002B21FA /* SwiftyIB.swift in Sources */,
				92D20B1620E147F6002B21FA /* ProjectParser.swift in Sources */,
				92D20B1F20E147FB002B21FA /* StoryboardExtensionsGenerator.swift in Sources */,
				92D20B1A20E147FB002B21FA /* StoryboardExporter.swift in Sources */,
				92D20B1C20E147FB002B21FA /* StoryboardEnumsGenerator.swift in Sources */,
				92BD7C1B213F540B00798578 /* NibTypesAndExtensionsGenerator.swift in Sources */,
				92687453214DBA20002CF5BF /* AssetCatalogueParser.swift in Sources */,
				92D20B1420E147F3002B21FA /* SWXMLHash.swift in Sources */,
				92BD7C1C213F540C00798578 /* NibStructureExtensionsGenerator.swift in Sources */,
				92D20B1E20E147FB002B21FA /* StoryboardTypesGenerator.swift in Sources */,
				9268745E214DC7F1002CF5BF /* Exporter.swift in Sources */,
				92BD7C0A213F4A2300798578 /* NibExporter.swift in Sources */,
				92D20B1720E147F6002B21FA /* StoryboardParser.swift in Sources */,
			);
			runOnlyForDeploymentPostprocessing = 0;
		};
		92C06A9A1FF47CC7004D6B5C /* Sources */ = {
			isa = PBXSourcesBuildPhase;
			buildActionMask = 2147483647;
			files = (
				9268745B214DC7A9002CF5BF /* Exporter.swift in Sources */,
				92687456214DC317002CF5BF /* AssetExporter.swift in Sources */,
				9259E436214DB4CE0004BE85 /* AssetModels.swift in Sources */,
				92E3D0FD1FF755CB0080EC12 /* StringEnumConverter.swift in Sources */,
				92B24DC120C1AAED00AEE476 /* StoryboardTypesGenerator.swift in Sources */,
				92E3D0FA1FF755B20080EC12 /* StoryboardEnumsGenerator.swift in Sources */,
				92BD7C15213F52E600798578 /* NibTypesAndExtensionsGenerator.swift in Sources */,
				92E3D0EE1FF74D990080EC12 /* SWXMLHash.swift in Sources */,
				92687460214DCBE3002CF5BF /* AssetTypesAndExtensionsGenerator.swift in Sources */,
				92545F001FF97BC60037D166 /* FilesFinder.swift in Sources */,
				92E3D0EF1FF74D990080EC12 /* SWXMLHash+TypeConversion.swift in Sources */,
				92BD7BFB213F358900798578 /* NibParser.swift in Sources */,
				92D8EF211FF48058005491E6 /* StoryboardParser.swift in Sources */,
				92B24DC320C1AB1F00AEE476 /* StoryboardExtensionsGenerator.swift in Sources */,
				92BD7C02213F461600798578 /* NibExporter.swift in Sources */,
				92BD7C04213F46F600798578 /* NibEnumsGenerator.swift in Sources */,
				92C06AA41FF47CC7004D6B5C /* ViewController.swift in Sources */,
				9281365E1FFAEBD600DBB2D1 /* StoryboardExporter.swift in Sources */,
				92545EF91FF847A00037D166 /* ProjectParser.swift in Sources */,
				92D8EF2C1FF49DC5005491E6 /* IBKeys.swift in Sources */,
				92F73AB5221C6C4D00A96C77 /* StoryboardStructureExtensionGenerator.swift in Sources */,
				92C06AA21FF47CC7004D6B5C /* AppDelegate.swift in Sources */,
				9259E432214DB3700004BE85 /* AssetCatalogueParser.swift in Sources */,
				92BD7C17213F52F400798578 /* NibStructureExtensionsGenerator.swift in Sources */,
			);
			runOnlyForDeploymentPostprocessing = 0;
		};
		92C06AAC1FF47CC8004D6B5C /* Sources */ = {
			isa = PBXSourcesBuildPhase;
			buildActionMask = 2147483647;
			files = (
				92E3D1021FF75EE40080EC12 /* StoryboardConverterTests.swift in Sources */,
				92E3D0FF1FF7579B0080EC12 /* StringEnumConverterTests.swift in Sources */,
				92545EFC1FF965150037D166 /* ProjectParserTests.swift in Sources */,
				92D8EF231FF48161005491E6 /* StoryboardParserTests.swift in Sources */,
			);
			runOnlyForDeploymentPostprocessing = 0;
		};
		92C06AB71FF47CC8004D6B5C /* Sources */ = {
			isa = PBXSourcesBuildPhase;
			buildActionMask = 2147483647;
			files = (
				92C06AC01FF47CC8004D6B5C /* SwiftyIBUITests.swift in Sources */,
			);
			runOnlyForDeploymentPostprocessing = 0;
		};
/* End PBXSourcesBuildPhase section */

/* Begin PBXTargetDependency section */
		922501401FF6F2A500AD828A /* PBXTargetDependency */ = {
			isa = PBXTargetDependency;
			target = 922501341FF6F2A500AD828A /* SwiftyIBKit */;
			targetProxy = 9225013F1FF6F2A500AD828A /* PBXContainerItemProxy */;
		};
		922501421FF6F2A500AD828A /* PBXTargetDependency */ = {
			isa = PBXTargetDependency;
			target = 92C06A9D1FF47CC7004D6B5C /* SwiftyIB */;
			targetProxy = 922501411FF6F2A500AD828A /* PBXContainerItemProxy */;
		};
		922501491FF6F2A500AD828A /* PBXTargetDependency */ = {
			isa = PBXTargetDependency;
			target = 922501341FF6F2A500AD828A /* SwiftyIBKit */;
			targetProxy = 922501481FF6F2A500AD828A /* PBXContainerItemProxy */;
		};
		92C06AB21FF47CC8004D6B5C /* PBXTargetDependency */ = {
			isa = PBXTargetDependency;
			target = 92C06A9D1FF47CC7004D6B5C /* SwiftyIB */;
			targetProxy = 92C06AB11FF47CC8004D6B5C /* PBXContainerItemProxy */;
		};
		92C06ABD1FF47CC8004D6B5C /* PBXTargetDependency */ = {
			isa = PBXTargetDependency;
			target = 92C06A9D1FF47CC7004D6B5C /* SwiftyIB */;
			targetProxy = 92C06ABC1FF47CC8004D6B5C /* PBXContainerItemProxy */;
		};
/* End PBXTargetDependency section */

/* Begin PBXVariantGroup section */
		92C06AA71FF47CC7004D6B5C /* Main.storyboard */ = {
			isa = PBXVariantGroup;
			children = (
				92C06AA81FF47CC7004D6B5C /* Base */,
			);
			name = Main.storyboard;
			sourceTree = "<group>";
		};
/* End PBXVariantGroup section */

/* Begin XCBuildConfiguration section */
		9211AF7E1FF747E6005E26D0 /* Debug */ = {
			isa = XCBuildConfiguration;
			buildSettings = {
				ALWAYS_EMBED_SWIFT_STANDARD_LIBRARIES = YES;
				CODE_SIGN_STYLE = Automatic;
				CREATE_INFOPLIST_SECTION_IN_BINARY = YES;
				DEVELOPMENT_TEAM = 94XNHP29JN;
				INFOPLIST_FILE = "$(SRCROOT)/SwiftyIBTool/Info.plist";
				INFOPLIST_PREPROCESS = NO;
				PRODUCT_BUNDLE_IDENTIFIER = SwiftyIBTool;
				PRODUCT_NAME = "$(TARGET_NAME)";
				SWIFT_VERSION = 4.0;
			};
			name = Debug;
		};
		9211AF7F1FF747E6005E26D0 /* Release */ = {
			isa = XCBuildConfiguration;
			buildSettings = {
				ALWAYS_EMBED_SWIFT_STANDARD_LIBRARIES = YES;
				CODE_SIGN_STYLE = Automatic;
				CREATE_INFOPLIST_SECTION_IN_BINARY = YES;
				DEVELOPMENT_TEAM = 94XNHP29JN;
				INFOPLIST_FILE = "$(SRCROOT)/SwiftyIBTool/Info.plist";
				INFOPLIST_PREPROCESS = NO;
				PRODUCT_BUNDLE_IDENTIFIER = SwiftyIBTool;
				PRODUCT_NAME = "$(TARGET_NAME)";
				SWIFT_VERSION = 4.0;
			};
			name = Release;
		};
		9225014C1FF6F2A500AD828A /* Debug */ = {
			isa = XCBuildConfiguration;
			buildSettings = {
				CODE_SIGN_IDENTITY = "";
				CODE_SIGN_STYLE = Automatic;
				COMBINE_HIDPI_IMAGES = YES;
				CURRENT_PROJECT_VERSION = 1;
				DEFINES_MODULE = YES;
				DEVELOPMENT_TEAM = 94XNHP29JN;
				DYLIB_COMPATIBILITY_VERSION = 1;
				DYLIB_CURRENT_VERSION = 1;
				DYLIB_INSTALL_NAME_BASE = "@rpath";
				FRAMEWORK_VERSION = A;
				INFOPLIST_FILE = SwiftyIBKit/Info.plist;
				INSTALL_PATH = "$(LOCAL_LIBRARY_DIR)/Frameworks";
				LD_RUNPATH_SEARCH_PATHS = "$(inherited) @executable_path/../Frameworks @loader_path/Frameworks";
				PRODUCT_BUNDLE_IDENTIFIER = inc.peejweej.SwiftyIBKit;
				PRODUCT_NAME = "$(TARGET_NAME:c99extidentifier)";
				SKIP_INSTALL = YES;
				SWIFT_VERSION = 4.0;
				VERSIONING_SYSTEM = "apple-generic";
				VERSION_INFO_PREFIX = "";
			};
			name = Debug;
		};
		9225014D1FF6F2A500AD828A /* Release */ = {
			isa = XCBuildConfiguration;
			buildSettings = {
				CODE_SIGN_IDENTITY = "";
				CODE_SIGN_STYLE = Automatic;
				COMBINE_HIDPI_IMAGES = YES;
				CURRENT_PROJECT_VERSION = 1;
				DEFINES_MODULE = YES;
				DEVELOPMENT_TEAM = 94XNHP29JN;
				DYLIB_COMPATIBILITY_VERSION = 1;
				DYLIB_CURRENT_VERSION = 1;
				DYLIB_INSTALL_NAME_BASE = "@rpath";
				FRAMEWORK_VERSION = A;
				INFOPLIST_FILE = SwiftyIBKit/Info.plist;
				INSTALL_PATH = "$(LOCAL_LIBRARY_DIR)/Frameworks";
				LD_RUNPATH_SEARCH_PATHS = "$(inherited) @executable_path/../Frameworks @loader_path/Frameworks";
				PRODUCT_BUNDLE_IDENTIFIER = inc.peejweej.SwiftyIBKit;
				PRODUCT_NAME = "$(TARGET_NAME:c99extidentifier)";
				SKIP_INSTALL = YES;
				SWIFT_VERSION = 4.0;
				VERSIONING_SYSTEM = "apple-generic";
				VERSION_INFO_PREFIX = "";
			};
			name = Release;
		};
		9225014E1FF6F2A500AD828A /* Debug */ = {
			isa = XCBuildConfiguration;
			buildSettings = {
				ALWAYS_EMBED_SWIFT_STANDARD_LIBRARIES = YES;
				CODE_SIGN_STYLE = Automatic;
				COMBINE_HIDPI_IMAGES = YES;
				DEVELOPMENT_TEAM = 94XNHP29JN;
				INFOPLIST_FILE = SwiftyIBKitTests/Info.plist;
				LD_RUNPATH_SEARCH_PATHS = "$(inherited) @executable_path/../Frameworks @loader_path/../Frameworks";
				PRODUCT_BUNDLE_IDENTIFIER = inc.peejweej.SwiftyIBKitTests;
				PRODUCT_NAME = "$(TARGET_NAME)";
				SWIFT_VERSION = 4.0;
				TEST_HOST = "$(BUILT_PRODUCTS_DIR)/SwiftyIB.app/Contents/MacOS/SwiftyIB";
			};
			name = Debug;
		};
		9225014F1FF6F2A500AD828A /* Release */ = {
			isa = XCBuildConfiguration;
			buildSettings = {
				ALWAYS_EMBED_SWIFT_STANDARD_LIBRARIES = YES;
				CODE_SIGN_STYLE = Automatic;
				COMBINE_HIDPI_IMAGES = YES;
				DEVELOPMENT_TEAM = 94XNHP29JN;
				INFOPLIST_FILE = SwiftyIBKitTests/Info.plist;
				LD_RUNPATH_SEARCH_PATHS = "$(inherited) @executable_path/../Frameworks @loader_path/../Frameworks";
				PRODUCT_BUNDLE_IDENTIFIER = inc.peejweej.SwiftyIBKitTests;
				PRODUCT_NAME = "$(TARGET_NAME)";
				SWIFT_VERSION = 4.0;
				TEST_HOST = "$(BUILT_PRODUCTS_DIR)/SwiftyIB.app/Contents/MacOS/SwiftyIB";
			};
			name = Release;
		};
		9288B24A20C09CA300176AE8 /* Debug */ = {
			isa = XCBuildConfiguration;
			buildSettings = {
				ALWAYS_EMBED_SWIFT_STANDARD_LIBRARIES = NO;
				CLANG_ENABLE_OBJC_WEAK = YES;
				CODE_SIGN_STYLE = Automatic;
				DEVELOPMENT_TEAM = 95R4FP9EG5;
				MACOSX_DEPLOYMENT_TARGET = 10.13;
				PRODUCT_NAME = "$(TARGET_NAME)";
				SWIFT_VERSION = 4.0;
			};
			name = Debug;
		};
		9288B24B20C09CA300176AE8 /* Release */ = {
			isa = XCBuildConfiguration;
			buildSettings = {
				ALWAYS_EMBED_SWIFT_STANDARD_LIBRARIES = NO;
				CLANG_ENABLE_OBJC_WEAK = YES;
				CODE_SIGN_STYLE = Automatic;
				DEVELOPMENT_TEAM = 95R4FP9EG5;
				MACOSX_DEPLOYMENT_TARGET = 10.13;
				PRODUCT_NAME = "$(TARGET_NAME)";
				SWIFT_VERSION = 4.0;
			};
			name = Release;
		};
		92B24E0F20C1D33C00AEE476 /* Debug */ = {
			isa = XCBuildConfiguration;
			buildSettings = {
				CLANG_ENABLE_OBJC_WEAK = YES;
				CODE_SIGN_STYLE = Automatic;
				COMBINE_HIDPI_IMAGES = YES;
				DEVELOPMENT_TEAM = 94XNHP29JN;
				INFOPLIST_FILE = SwiftyIBBundle/Info.plist;
				INSTALL_PATH = "$(LOCAL_LIBRARY_DIR)/Bundles";
				MACOSX_DEPLOYMENT_TARGET = 10.12;
				PRODUCT_BUNDLE_IDENTIFIER = inc.peejweej.swiftyibbundle.SwiftyIBBundle;
				PRODUCT_NAME = "$(TARGET_NAME)";
				SKIP_INSTALL = YES;
				WRAPPER_EXTENSION = bundle;
			};
			name = Debug;
		};
		92B24E1020C1D33C00AEE476 /* Release */ = {
			isa = XCBuildConfiguration;
			buildSettings = {
				CLANG_ENABLE_OBJC_WEAK = YES;
				CODE_SIGN_STYLE = Automatic;
				COMBINE_HIDPI_IMAGES = YES;
				DEVELOPMENT_TEAM = 94XNHP29JN;
				INFOPLIST_FILE = SwiftyIBBundle/Info.plist;
				INSTALL_PATH = "$(LOCAL_LIBRARY_DIR)/Bundles";
				MACOSX_DEPLOYMENT_TARGET = 10.12;
				PRODUCT_BUNDLE_IDENTIFIER = inc.peejweej.swiftyibbundle.SwiftyIBBundle;
				PRODUCT_NAME = "$(TARGET_NAME)";
				SKIP_INSTALL = YES;
				WRAPPER_EXTENSION = bundle;
			};
			name = Release;
		};
		92C06AC21FF47CC8004D6B5C /* Debug */ = {
			isa = XCBuildConfiguration;
			buildSettings = {
				ALWAYS_EMBED_SWIFT_STANDARD_LIBRARIES = YES;
				ALWAYS_SEARCH_USER_PATHS = NO;
				CLANG_ANALYZER_NONNULL = YES;
				CLANG_ANALYZER_NUMBER_OBJECT_CONVERSION = YES_AGGRESSIVE;
				CLANG_CXX_LANGUAGE_STANDARD = "gnu++14";
				CLANG_CXX_LIBRARY = "libc++";
				CLANG_ENABLE_MODULES = YES;
				CLANG_ENABLE_OBJC_ARC = YES;
				CLANG_WARN_BLOCK_CAPTURE_AUTORELEASING = YES;
				CLANG_WARN_BOOL_CONVERSION = YES;
				CLANG_WARN_COMMA = YES;
				CLANG_WARN_CONSTANT_CONVERSION = YES;
				CLANG_WARN_DEPRECATED_OBJC_IMPLEMENTATIONS = YES;
				CLANG_WARN_DIRECT_OBJC_ISA_USAGE = YES_ERROR;
				CLANG_WARN_DOCUMENTATION_COMMENTS = YES;
				CLANG_WARN_EMPTY_BODY = YES;
				CLANG_WARN_ENUM_CONVERSION = YES;
				CLANG_WARN_INFINITE_RECURSION = YES;
				CLANG_WARN_INT_CONVERSION = YES;
				CLANG_WARN_NON_LITERAL_NULL_CONVERSION = YES;
				CLANG_WARN_OBJC_IMPLICIT_RETAIN_SELF = YES;
				CLANG_WARN_OBJC_LITERAL_CONVERSION = YES;
				CLANG_WARN_OBJC_ROOT_CLASS = YES_ERROR;
				CLANG_WARN_RANGE_LOOP_ANALYSIS = YES;
				CLANG_WARN_STRICT_PROTOTYPES = YES;
				CLANG_WARN_SUSPICIOUS_MOVE = YES;
				CLANG_WARN_UNGUARDED_AVAILABILITY = YES_AGGRESSIVE;
				CLANG_WARN_UNREACHABLE_CODE = YES;
				CLANG_WARN__DUPLICATE_METHOD_MATCH = YES;
				CODE_SIGN_IDENTITY = "Mac Developer";
				COPY_PHASE_STRIP = NO;
				DEBUG_INFORMATION_FORMAT = dwarf;
				ENABLE_STRICT_OBJC_MSGSEND = YES;
				ENABLE_TESTABILITY = YES;
				GCC_C_LANGUAGE_STANDARD = gnu11;
				GCC_DYNAMIC_NO_PIC = NO;
				GCC_NO_COMMON_BLOCKS = YES;
				GCC_OPTIMIZATION_LEVEL = 0;
				GCC_PREPROCESSOR_DEFINITIONS = (
					"DEBUG=1",
					"$(inherited)",
				);
				GCC_WARN_64_TO_32_BIT_CONVERSION = YES;
				GCC_WARN_ABOUT_RETURN_TYPE = YES_ERROR;
				GCC_WARN_UNDECLARED_SELECTOR = YES;
				GCC_WARN_UNINITIALIZED_AUTOS = YES_AGGRESSIVE;
				GCC_WARN_UNUSED_FUNCTION = YES;
				GCC_WARN_UNUSED_VARIABLE = YES;
				MACOSX_DEPLOYMENT_TARGET = 10.12;
				MTL_ENABLE_DEBUG_INFO = YES;
				ONLY_ACTIVE_ARCH = YES;
				SDKROOT = macosx;
				SWIFT_ACTIVE_COMPILATION_CONDITIONS = DEBUG;
				SWIFT_OPTIMIZATION_LEVEL = "-Onone";
				SWIFT_VERSION = 4.0;
			};
			name = Debug;
		};
		92C06AC31FF47CC8004D6B5C /* Release */ = {
			isa = XCBuildConfiguration;
			buildSettings = {
				ALWAYS_EMBED_SWIFT_STANDARD_LIBRARIES = YES;
				ALWAYS_SEARCH_USER_PATHS = NO;
				CLANG_ANALYZER_NONNULL = YES;
				CLANG_ANALYZER_NUMBER_OBJECT_CONVERSION = YES_AGGRESSIVE;
				CLANG_CXX_LANGUAGE_STANDARD = "gnu++14";
				CLANG_CXX_LIBRARY = "libc++";
				CLANG_ENABLE_MODULES = YES;
				CLANG_ENABLE_OBJC_ARC = YES;
				CLANG_WARN_BLOCK_CAPTURE_AUTORELEASING = YES;
				CLANG_WARN_BOOL_CONVERSION = YES;
				CLANG_WARN_COMMA = YES;
				CLANG_WARN_CONSTANT_CONVERSION = YES;
				CLANG_WARN_DEPRECATED_OBJC_IMPLEMENTATIONS = YES;
				CLANG_WARN_DIRECT_OBJC_ISA_USAGE = YES_ERROR;
				CLANG_WARN_DOCUMENTATION_COMMENTS = YES;
				CLANG_WARN_EMPTY_BODY = YES;
				CLANG_WARN_ENUM_CONVERSION = YES;
				CLANG_WARN_INFINITE_RECURSION = YES;
				CLANG_WARN_INT_CONVERSION = YES;
				CLANG_WARN_NON_LITERAL_NULL_CONVERSION = YES;
				CLANG_WARN_OBJC_IMPLICIT_RETAIN_SELF = YES;
				CLANG_WARN_OBJC_LITERAL_CONVERSION = YES;
				CLANG_WARN_OBJC_ROOT_CLASS = YES_ERROR;
				CLANG_WARN_RANGE_LOOP_ANALYSIS = YES;
				CLANG_WARN_STRICT_PROTOTYPES = YES;
				CLANG_WARN_SUSPICIOUS_MOVE = YES;
				CLANG_WARN_UNGUARDED_AVAILABILITY = YES_AGGRESSIVE;
				CLANG_WARN_UNREACHABLE_CODE = YES;
				CLANG_WARN__DUPLICATE_METHOD_MATCH = YES;
				CODE_SIGN_IDENTITY = "Mac Developer";
				COPY_PHASE_STRIP = NO;
				DEBUG_INFORMATION_FORMAT = "dwarf-with-dsym";
				ENABLE_NS_ASSERTIONS = NO;
				ENABLE_STRICT_OBJC_MSGSEND = YES;
				GCC_C_LANGUAGE_STANDARD = gnu11;
				GCC_NO_COMMON_BLOCKS = YES;
				GCC_WARN_64_TO_32_BIT_CONVERSION = YES;
				GCC_WARN_ABOUT_RETURN_TYPE = YES_ERROR;
				GCC_WARN_UNDECLARED_SELECTOR = YES;
				GCC_WARN_UNINITIALIZED_AUTOS = YES_AGGRESSIVE;
				GCC_WARN_UNUSED_FUNCTION = YES;
				GCC_WARN_UNUSED_VARIABLE = YES;
				MACOSX_DEPLOYMENT_TARGET = 10.12;
				MTL_ENABLE_DEBUG_INFO = NO;
				SDKROOT = macosx;
				SWIFT_OPTIMIZATION_LEVEL = "-Owholemodule";
				SWIFT_VERSION = 4.0;
			};
			name = Release;
		};
		92C06AC51FF47CC8004D6B5C /* Debug */ = {
			isa = XCBuildConfiguration;
			buildSettings = {
				ALWAYS_EMBED_SWIFT_STANDARD_LIBRARIES = YES;
				ASSETCATALOG_COMPILER_APPICON_NAME = AppIcon;
				CODE_SIGN_ENTITLEMENTS = SwiftyIB/SwiftyIB.entitlements;
				CODE_SIGN_STYLE = Automatic;
				COMBINE_HIDPI_IMAGES = YES;
				DEVELOPMENT_TEAM = 94XNHP29JN;
				INFOPLIST_FILE = SwiftyIB/Info.plist;
				LD_RUNPATH_SEARCH_PATHS = "$(inherited) @executable_path/../Frameworks";
				PRODUCT_BUNDLE_IDENTIFIER = inc.peejweej.SwiftyIB;
				PRODUCT_NAME = "$(TARGET_NAME)";
				SWIFT_VERSION = 4.0;
			};
			name = Debug;
		};
		92C06AC61FF47CC8004D6B5C /* Release */ = {
			isa = XCBuildConfiguration;
			buildSettings = {
				ALWAYS_EMBED_SWIFT_STANDARD_LIBRARIES = YES;
				ASSETCATALOG_COMPILER_APPICON_NAME = AppIcon;
				CODE_SIGN_ENTITLEMENTS = SwiftyIB/SwiftyIB.entitlements;
				CODE_SIGN_STYLE = Automatic;
				COMBINE_HIDPI_IMAGES = YES;
				DEVELOPMENT_TEAM = 94XNHP29JN;
				INFOPLIST_FILE = SwiftyIB/Info.plist;
				LD_RUNPATH_SEARCH_PATHS = "$(inherited) @executable_path/../Frameworks";
				PRODUCT_BUNDLE_IDENTIFIER = inc.peejweej.SwiftyIB;
				PRODUCT_NAME = "$(TARGET_NAME)";
				SWIFT_VERSION = 4.0;
			};
			name = Release;
		};
		92C06AC81FF47CC8004D6B5C /* Debug */ = {
			isa = XCBuildConfiguration;
			buildSettings = {
				ALWAYS_EMBED_SWIFT_STANDARD_LIBRARIES = YES;
				BUNDLE_LOADER = "$(TEST_HOST)";
				CODE_SIGN_STYLE = Automatic;
				COMBINE_HIDPI_IMAGES = YES;
				DEVELOPMENT_TEAM = 94XNHP29JN;
				INFOPLIST_FILE = SwiftyIBTests/Info.plist;
				LD_RUNPATH_SEARCH_PATHS = "$(inherited) @executable_path/../Frameworks @loader_path/../Frameworks";
				PRODUCT_BUNDLE_IDENTIFIER = inc.peejweej.SwiftyIBTests;
				PRODUCT_NAME = "$(TARGET_NAME)";
				SWIFT_VERSION = 4.0;
				TEST_HOST = "$(BUILT_PRODUCTS_DIR)/SwiftyIB.app/Contents/MacOS/SwiftyIB";
			};
			name = Debug;
		};
		92C06AC91FF47CC8004D6B5C /* Release */ = {
			isa = XCBuildConfiguration;
			buildSettings = {
				ALWAYS_EMBED_SWIFT_STANDARD_LIBRARIES = YES;
				BUNDLE_LOADER = "$(TEST_HOST)";
				CODE_SIGN_STYLE = Automatic;
				COMBINE_HIDPI_IMAGES = YES;
				DEVELOPMENT_TEAM = 94XNHP29JN;
				INFOPLIST_FILE = SwiftyIBTests/Info.plist;
				LD_RUNPATH_SEARCH_PATHS = "$(inherited) @executable_path/../Frameworks @loader_path/../Frameworks";
				PRODUCT_BUNDLE_IDENTIFIER = inc.peejweej.SwiftyIBTests;
				PRODUCT_NAME = "$(TARGET_NAME)";
				SWIFT_VERSION = 4.0;
				TEST_HOST = "$(BUILT_PRODUCTS_DIR)/SwiftyIB.app/Contents/MacOS/SwiftyIB";
			};
			name = Release;
		};
		92C06ACB1FF47CC8004D6B5C /* Debug */ = {
			isa = XCBuildConfiguration;
			buildSettings = {
				ALWAYS_EMBED_SWIFT_STANDARD_LIBRARIES = YES;
				CODE_SIGN_STYLE = Automatic;
				COMBINE_HIDPI_IMAGES = YES;
				DEVELOPMENT_TEAM = 94XNHP29JN;
				INFOPLIST_FILE = SwiftyIBUITests/Info.plist;
				LD_RUNPATH_SEARCH_PATHS = "$(inherited) @executable_path/../Frameworks @loader_path/../Frameworks";
				PRODUCT_BUNDLE_IDENTIFIER = inc.peejweej.SwiftyIBUITests;
				PRODUCT_NAME = "$(TARGET_NAME)";
				SWIFT_VERSION = 4.0;
				TEST_TARGET_NAME = SwiftyIB;
			};
			name = Debug;
		};
		92C06ACC1FF47CC8004D6B5C /* Release */ = {
			isa = XCBuildConfiguration;
			buildSettings = {
				ALWAYS_EMBED_SWIFT_STANDARD_LIBRARIES = YES;
				CODE_SIGN_STYLE = Automatic;
				COMBINE_HIDPI_IMAGES = YES;
				DEVELOPMENT_TEAM = 94XNHP29JN;
				INFOPLIST_FILE = SwiftyIBUITests/Info.plist;
				LD_RUNPATH_SEARCH_PATHS = "$(inherited) @executable_path/../Frameworks @loader_path/../Frameworks";
				PRODUCT_BUNDLE_IDENTIFIER = inc.peejweej.SwiftyIBUITests;
				PRODUCT_NAME = "$(TARGET_NAME)";
				SWIFT_VERSION = 4.0;
				TEST_TARGET_NAME = SwiftyIB;
			};
			name = Release;
		};
/* End XCBuildConfiguration section */

/* Begin XCConfigurationList section */
		9211AF7D1FF747E6005E26D0 /* Build configuration list for PBXNativeTarget "SwiftyIBTool" */ = {
			isa = XCConfigurationList;
			buildConfigurations = (
				9211AF7E1FF747E6005E26D0 /* Debug */,
				9211AF7F1FF747E6005E26D0 /* Release */,
			);
			defaultConfigurationIsVisible = 0;
			defaultConfigurationName = Release;
		};
		922501501FF6F2A500AD828A /* Build configuration list for PBXNativeTarget "SwiftyIBKit" */ = {
			isa = XCConfigurationList;
			buildConfigurations = (
				9225014C1FF6F2A500AD828A /* Debug */,
				9225014D1FF6F2A500AD828A /* Release */,
			);
			defaultConfigurationIsVisible = 0;
			defaultConfigurationName = Release;
		};
		922501521FF6F2A500AD828A /* Build configuration list for PBXNativeTarget "SwiftyIBKitTests" */ = {
			isa = XCConfigurationList;
			buildConfigurations = (
				9225014E1FF6F2A500AD828A /* Debug */,
				9225014F1FF6F2A500AD828A /* Release */,
			);
			defaultConfigurationIsVisible = 0;
			defaultConfigurationName = Release;
		};
		9288B24C20C09CA300176AE8 /* Build configuration list for PBXNativeTarget "SwiftyIBExport" */ = {
			isa = XCConfigurationList;
			buildConfigurations = (
				9288B24A20C09CA300176AE8 /* Debug */,
				9288B24B20C09CA300176AE8 /* Release */,
			);
			defaultConfigurationIsVisible = 0;
			defaultConfigurationName = Release;
		};
		92B24E0E20C1D33C00AEE476 /* Build configuration list for PBXNativeTarget "SwiftyIBBundle" */ = {
			isa = XCConfigurationList;
			buildConfigurations = (
				92B24E0F20C1D33C00AEE476 /* Debug */,
				92B24E1020C1D33C00AEE476 /* Release */,
			);
			defaultConfigurationIsVisible = 0;
			defaultConfigurationName = Release;
		};
		92C06A991FF47CC7004D6B5C /* Build configuration list for PBXProject "SwiftyIB" */ = {
			isa = XCConfigurationList;
			buildConfigurations = (
				92C06AC21FF47CC8004D6B5C /* Debug */,
				92C06AC31FF47CC8004D6B5C /* Release */,
			);
			defaultConfigurationIsVisible = 0;
			defaultConfigurationName = Release;
		};
		92C06AC41FF47CC8004D6B5C /* Build configuration list for PBXNativeTarget "SwiftyIB" */ = {
			isa = XCConfigurationList;
			buildConfigurations = (
				92C06AC51FF47CC8004D6B5C /* Debug */,
				92C06AC61FF47CC8004D6B5C /* Release */,
			);
			defaultConfigurationIsVisible = 0;
			defaultConfigurationName = Release;
		};
		92C06AC71FF47CC8004D6B5C /* Build configuration list for PBXNativeTarget "SwiftyIBTests" */ = {
			isa = XCConfigurationList;
			buildConfigurations = (
				92C06AC81FF47CC8004D6B5C /* Debug */,
				92C06AC91FF47CC8004D6B5C /* Release */,
			);
			defaultConfigurationIsVisible = 0;
			defaultConfigurationName = Release;
		};
		92C06ACA1FF47CC8004D6B5C /* Build configuration list for PBXNativeTarget "SwiftyIBUITests" */ = {
			isa = XCConfigurationList;
			buildConfigurations = (
				92C06ACB1FF47CC8004D6B5C /* Debug */,
				92C06ACC1FF47CC8004D6B5C /* Release */,
			);
			defaultConfigurationIsVisible = 0;
			defaultConfigurationName = Release;
		};
/* End XCConfigurationList section */
	};
	rootObject = 92C06A961FF47CC7004D6B5C /* Project object */;
}
