{
  "object": {
    "pins": [
      {
        "package": "SwiftyIBPackage",
        "repositoryURL": "https://github.com/PeeJWeeJ/SwiftyIB.git",
        "state": {
          "branch": "SPM",
          "revision": "e656d4a533f7a2648e50dba637fb8a5a7badc5ac",
          "version": null
        }
      },
      {
        "package": "SWXMLHash",
        "repositoryURL": "https://github.com/drmohundro/SWXMLHash.git",
        "state": {
          "branch": null,
          "revision": "3d020aed48da8012cc9fc2f8cff14881a0ab193f",
          "version": "5.0.0"
        }
      }
    ]
  },
  "version": 1
}
